// !$*UTF8*$!
{
	archiveVersion = 1;
	classes = {
	};
	objectVersion = 46;
	objects = {

/* Begin PBXBuildFile section */
		2426B59B21E24C4700B9BA7E /* XLogging.c in Sources */ = {isa = PBXBuildFile; fileRef = 2426B59A21E24C4700B9BA7E /* XLogging.c */; };
		2426B59D21E24CB400B9BA7E /* LoggingTests.m in Sources */ = {isa = PBXBuildFile; fileRef = 2426B59C21E24CB400B9BA7E /* LoggingTests.m */; };
		2426B5A021E3A67D00B9BA7E /* Demo.m in Sources */ = {isa = PBXBuildFile; fileRef = 2426B59F21E3A67D00B9BA7E /* Demo.m */; };
		24B5A12619BEF7E9009B474C /* CGFunctions.h in Headers */ = {isa = PBXBuildFile; fileRef = 24B5A12419BEF7E9009B474C /* CGFunctions.h */; };
		24B5A12719BEF7E9009B474C /* CGFunctions.m in Sources */ = {isa = PBXBuildFile; fileRef = 24B5A12519BEF7E9009B474C /* CGFunctions.m */; };
		24B5A12819BEF7E9009B474C /* CGFunctions.m in Sources */ = {isa = PBXBuildFile; fileRef = 24B5A12519BEF7E9009B474C /* CGFunctions.m */; };
		41BBDE0C192620AA00A05DC9 /* NSObject+PropertyToURLParams.h in Headers */ = {isa = PBXBuildFile; fileRef = 41BBDE0A192620AA00A05DC9 /* NSObject+PropertyToURLParams.h */; settings = {ATTRIBUTES = (Public, ); }; };
		41BBDE0D192620AA00A05DC9 /* NSObject+PropertyToURLParams.m in Sources */ = {isa = PBXBuildFile; fileRef = 41BBDE0B192620AA00A05DC9 /* NSObject+PropertyToURLParams.m */; };
		41BBDE0E192620AA00A05DC9 /* NSObject+PropertyToURLParams.m in Sources */ = {isa = PBXBuildFile; fileRef = 41BBDE0B192620AA00A05DC9 /* NSObject+PropertyToURLParams.m */; };
		741A503919FE8C2B007840FD /* NSLayoutConstraint+Convenient.h in Headers */ = {isa = PBXBuildFile; fileRef = 741A503719FE8C2B007840FD /* NSLayoutConstraint+Convenient.h */; };
		741A503A19FE8C2B007840FD /* NSLayoutConstraint+Convenient.m in Sources */ = {isa = PBXBuildFile; fileRef = 741A503819FE8C2B007840FD /* NSLayoutConstraint+Convenient.m */; };
		741A503B19FE8C2B007840FD /* NSLayoutConstraint+Convenient.m in Sources */ = {isa = PBXBuildFile; fileRef = 741A503819FE8C2B007840FD /* NSLayoutConstraint+Convenient.m */; };
		7434EA1D19C5BE13001E6989 /* XCocoaUtilsPublic.h in Headers */ = {isa = PBXBuildFile; fileRef = 7434EA1C19C5BE13001E6989 /* XCocoaUtilsPublic.h */; };
		74419E4D18448DD000E28DD4 /* RegexKitLite.h in Headers */ = {isa = PBXBuildFile; fileRef = 74419E1318448DD000E28DD4 /* RegexKitLite.h */; settings = {ATTRIBUTES = (Public, ); }; };
		74419E5018448DD000E28DD4 /* BlockAlertView.h in Headers */ = {isa = PBXBuildFile; fileRef = 74419E1518448DD000E28DD4 /* BlockAlertView.h */; settings = {ATTRIBUTES = (Public, ); }; };
		74419E5118448DD000E28DD4 /* BlockAlertView.m in Sources */ = {isa = PBXBuildFile; fileRef = 74419E1618448DD000E28DD4 /* BlockAlertView.m */; };
		74419E5218448DD000E28DD4 /* BlockAlertView.m in Sources */ = {isa = PBXBuildFile; fileRef = 74419E1618448DD000E28DD4 /* BlockAlertView.m */; };
		74419E5318448DD000E28DD4 /* extensions.h in Headers */ = {isa = PBXBuildFile; fileRef = 74419E1818448DD000E28DD4 /* extensions.h */; settings = {ATTRIBUTES = (Public, ); }; };
		74419E5418448DD000E28DD4 /* NSArray+Ext.h in Headers */ = {isa = PBXBuildFile; fileRef = 74419E1918448DD000E28DD4 /* NSArray+Ext.h */; settings = {ATTRIBUTES = (Public, ); }; };
		74419E5518448DD000E28DD4 /* NSArray+Ext.m in Sources */ = {isa = PBXBuildFile; fileRef = 74419E1A18448DD000E28DD4 /* NSArray+Ext.m */; };
		74419E5618448DD000E28DD4 /* NSArray+Ext.m in Sources */ = {isa = PBXBuildFile; fileRef = 74419E1A18448DD000E28DD4 /* NSArray+Ext.m */; };
		74419E5718448DD000E28DD4 /* NSData+Base64.h in Headers */ = {isa = PBXBuildFile; fileRef = 74419E1B18448DD000E28DD4 /* NSData+Base64.h */; settings = {ATTRIBUTES = (Public, ); }; };
		74419E5818448DD000E28DD4 /* NSData+Base64.m in Sources */ = {isa = PBXBuildFile; fileRef = 74419E1C18448DD000E28DD4 /* NSData+Base64.m */; };
		74419E5918448DD000E28DD4 /* NSData+Base64.m in Sources */ = {isa = PBXBuildFile; fileRef = 74419E1C18448DD000E28DD4 /* NSData+Base64.m */; };
		74419E5A18448DD000E28DD4 /* NSData+String.h in Headers */ = {isa = PBXBuildFile; fileRef = 74419E1D18448DD000E28DD4 /* NSData+String.h */; settings = {ATTRIBUTES = (Public, ); }; };
		74419E5B18448DD000E28DD4 /* NSData+String.m in Sources */ = {isa = PBXBuildFile; fileRef = 74419E1E18448DD000E28DD4 /* NSData+String.m */; };
		74419E5C18448DD000E28DD4 /* NSData+String.m in Sources */ = {isa = PBXBuildFile; fileRef = 74419E1E18448DD000E28DD4 /* NSData+String.m */; };
		74419E5D18448DD000E28DD4 /* NSDate+Ext.h in Headers */ = {isa = PBXBuildFile; fileRef = 74419E1F18448DD000E28DD4 /* NSDate+Ext.h */; settings = {ATTRIBUTES = (Public, ); }; };
		74419E5E18448DD100E28DD4 /* NSDate+Ext.m in Sources */ = {isa = PBXBuildFile; fileRef = 74419E2018448DD000E28DD4 /* NSDate+Ext.m */; };
		74419E5F18448DD100E28DD4 /* NSDate+Ext.m in Sources */ = {isa = PBXBuildFile; fileRef = 74419E2018448DD000E28DD4 /* NSDate+Ext.m */; };
		74419E6018448DD100E28DD4 /* NSObject+Debug.h in Headers */ = {isa = PBXBuildFile; fileRef = 74419E2118448DD000E28DD4 /* NSObject+Debug.h */; settings = {ATTRIBUTES = (Public, ); }; };
		74419E6118448DD100E28DD4 /* NSObject+Debug.m in Sources */ = {isa = PBXBuildFile; fileRef = 74419E2218448DD000E28DD4 /* NSObject+Debug.m */; };
		74419E6218448DD100E28DD4 /* NSObject+Debug.m in Sources */ = {isa = PBXBuildFile; fileRef = 74419E2218448DD000E28DD4 /* NSObject+Debug.m */; };
		74419E6318448DD100E28DD4 /* NSObject+Ext.h in Headers */ = {isa = PBXBuildFile; fileRef = 74419E2318448DD000E28DD4 /* NSObject+Ext.h */; settings = {ATTRIBUTES = (Public, ); }; };
		74419E6418448DD100E28DD4 /* NSObject+Ext.m in Sources */ = {isa = PBXBuildFile; fileRef = 74419E2418448DD000E28DD4 /* NSObject+Ext.m */; };
		74419E6518448DD100E28DD4 /* NSObject+Ext.m in Sources */ = {isa = PBXBuildFile; fileRef = 74419E2418448DD000E28DD4 /* NSObject+Ext.m */; };
		74419E6618448DD100E28DD4 /* NSString+Ext.h in Headers */ = {isa = PBXBuildFile; fileRef = 74419E2518448DD000E28DD4 /* NSString+Ext.h */; settings = {ATTRIBUTES = (Public, ); }; };
		74419E6718448DD100E28DD4 /* NSString+Ext.m in Sources */ = {isa = PBXBuildFile; fileRef = 74419E2618448DD000E28DD4 /* NSString+Ext.m */; };
		74419E6818448DD100E28DD4 /* NSString+Ext.m in Sources */ = {isa = PBXBuildFile; fileRef = 74419E2618448DD000E28DD4 /* NSString+Ext.m */; };
		74419E6918448DD100E28DD4 /* NSTimer+Ext.h in Headers */ = {isa = PBXBuildFile; fileRef = 74419E2718448DD000E28DD4 /* NSTimer+Ext.h */; settings = {ATTRIBUTES = (Public, ); }; };
		74419E6A18448DD100E28DD4 /* NSTimer+Ext.m in Sources */ = {isa = PBXBuildFile; fileRef = 74419E2818448DD000E28DD4 /* NSTimer+Ext.m */; };
		74419E6B18448DD100E28DD4 /* NSTimer+Ext.m in Sources */ = {isa = PBXBuildFile; fileRef = 74419E2818448DD000E28DD4 /* NSTimer+Ext.m */; };
		74419E6C18448DD100E28DD4 /* NSURL+Ext.h in Headers */ = {isa = PBXBuildFile; fileRef = 74419E2918448DD000E28DD4 /* NSURL+Ext.h */; settings = {ATTRIBUTES = (Public, ); }; };
		74419E6D18448DD100E28DD4 /* NSURL+Ext.m in Sources */ = {isa = PBXBuildFile; fileRef = 74419E2A18448DD000E28DD4 /* NSURL+Ext.m */; };
		74419E6E18448DD100E28DD4 /* NSURL+Ext.m in Sources */ = {isa = PBXBuildFile; fileRef = 74419E2A18448DD000E28DD4 /* NSURL+Ext.m */; };
		74419E6F18448DD100E28DD4 /* SKProduct+Ext.h in Headers */ = {isa = PBXBuildFile; fileRef = 74419E2B18448DD000E28DD4 /* SKProduct+Ext.h */; settings = {ATTRIBUTES = (Public, ); }; };
		74419E7018448DD100E28DD4 /* SKProduct+Ext.m in Sources */ = {isa = PBXBuildFile; fileRef = 74419E2C18448DD000E28DD4 /* SKProduct+Ext.m */; };
		74419E7118448DD100E28DD4 /* SKProduct+Ext.m in Sources */ = {isa = PBXBuildFile; fileRef = 74419E2C18448DD000E28DD4 /* SKProduct+Ext.m */; };
		74419E7218448DD100E28DD4 /* UIAlertView+Ext.h in Headers */ = {isa = PBXBuildFile; fileRef = 74419E2D18448DD000E28DD4 /* UIAlertView+Ext.h */; settings = {ATTRIBUTES = (Public, ); }; };
		74419E7318448DD100E28DD4 /* UIAlertView+Ext.m in Sources */ = {isa = PBXBuildFile; fileRef = 74419E2E18448DD000E28DD4 /* UIAlertView+Ext.m */; };
		74419E7418448DD100E28DD4 /* UIAlertView+Ext.m in Sources */ = {isa = PBXBuildFile; fileRef = 74419E2E18448DD000E28DD4 /* UIAlertView+Ext.m */; };
		74419E7518448DD100E28DD4 /* UIButton+Ext.h in Headers */ = {isa = PBXBuildFile; fileRef = 74419E2F18448DD000E28DD4 /* UIButton+Ext.h */; settings = {ATTRIBUTES = (Public, ); }; };
		74419E7618448DD100E28DD4 /* UIButton+Ext.m in Sources */ = {isa = PBXBuildFile; fileRef = 74419E3018448DD000E28DD4 /* UIButton+Ext.m */; };
		74419E7718448DD100E28DD4 /* UIButton+Ext.m in Sources */ = {isa = PBXBuildFile; fileRef = 74419E3018448DD000E28DD4 /* UIButton+Ext.m */; };
		74419E7818448DD100E28DD4 /* UIColor+Ext.h in Headers */ = {isa = PBXBuildFile; fileRef = 74419E3118448DD000E28DD4 /* UIColor+Ext.h */; settings = {ATTRIBUTES = (Public, ); }; };
		74419E7918448DD100E28DD4 /* UIColor+Ext.m in Sources */ = {isa = PBXBuildFile; fileRef = 74419E3218448DD000E28DD4 /* UIColor+Ext.m */; };
		74419E7A18448DD100E28DD4 /* UIColor+Ext.m in Sources */ = {isa = PBXBuildFile; fileRef = 74419E3218448DD000E28DD4 /* UIColor+Ext.m */; };
		74419E7B18448DD100E28DD4 /* UIFont+Ext.h in Headers */ = {isa = PBXBuildFile; fileRef = 74419E3318448DD000E28DD4 /* UIFont+Ext.h */; settings = {ATTRIBUTES = (Public, ); }; };
		74419E7C18448DD100E28DD4 /* UIFont+Ext.m in Sources */ = {isa = PBXBuildFile; fileRef = 74419E3418448DD000E28DD4 /* UIFont+Ext.m */; };
		74419E7D18448DD100E28DD4 /* UIFont+Ext.m in Sources */ = {isa = PBXBuildFile; fileRef = 74419E3418448DD000E28DD4 /* UIFont+Ext.m */; };
		74419E7E18448DD100E28DD4 /* UIImage+Ext.h in Headers */ = {isa = PBXBuildFile; fileRef = 74419E3518448DD000E28DD4 /* UIImage+Ext.h */; settings = {ATTRIBUTES = (Public, ); }; };
		74419E7F18448DD100E28DD4 /* UIImage+Ext.m in Sources */ = {isa = PBXBuildFile; fileRef = 74419E3618448DD000E28DD4 /* UIImage+Ext.m */; };
		74419E8018448DD100E28DD4 /* UIImage+Ext.m in Sources */ = {isa = PBXBuildFile; fileRef = 74419E3618448DD000E28DD4 /* UIImage+Ext.m */; };
		74419E8118448DD100E28DD4 /* UIScreen+Ext.h in Headers */ = {isa = PBXBuildFile; fileRef = 74419E3718448DD000E28DD4 /* UIScreen+Ext.h */; settings = {ATTRIBUTES = (Public, ); }; };
		74419E8218448DD100E28DD4 /* UIScreen+Ext.m in Sources */ = {isa = PBXBuildFile; fileRef = 74419E3818448DD000E28DD4 /* UIScreen+Ext.m */; };
		74419E8318448DD100E28DD4 /* UIScreen+Ext.m in Sources */ = {isa = PBXBuildFile; fileRef = 74419E3818448DD000E28DD4 /* UIScreen+Ext.m */; };
		74419E8418448DD100E28DD4 /* UIScrollView+Ext.h in Headers */ = {isa = PBXBuildFile; fileRef = 74419E3918448DD000E28DD4 /* UIScrollView+Ext.h */; settings = {ATTRIBUTES = (Public, ); }; };
		74419E8518448DD100E28DD4 /* UIScrollView+Ext.m in Sources */ = {isa = PBXBuildFile; fileRef = 74419E3A18448DD000E28DD4 /* UIScrollView+Ext.m */; };
		74419E8618448DD100E28DD4 /* UIScrollView+Ext.m in Sources */ = {isa = PBXBuildFile; fileRef = 74419E3A18448DD000E28DD4 /* UIScrollView+Ext.m */; };
		74419E8718448DD100E28DD4 /* UIView+Ext.h in Headers */ = {isa = PBXBuildFile; fileRef = 74419E3B18448DD000E28DD4 /* UIView+Ext.h */; settings = {ATTRIBUTES = (Public, ); }; };
		74419E8818448DD100E28DD4 /* UIView+Ext.m in Sources */ = {isa = PBXBuildFile; fileRef = 74419E3C18448DD000E28DD4 /* UIView+Ext.m */; };
		74419E8918448DD100E28DD4 /* UIView+Ext.m in Sources */ = {isa = PBXBuildFile; fileRef = 74419E3C18448DD000E28DD4 /* UIView+Ext.m */; };
		74419E8A18448DD100E28DD4 /* UIViewController+Ext.h in Headers */ = {isa = PBXBuildFile; fileRef = 74419E3D18448DD000E28DD4 /* UIViewController+Ext.h */; settings = {ATTRIBUTES = (Public, ); }; };
		74419E8B18448DD100E28DD4 /* UIViewController+Ext.m in Sources */ = {isa = PBXBuildFile; fileRef = 74419E3E18448DD000E28DD4 /* UIViewController+Ext.m */; };
		74419E8C18448DD100E28DD4 /* UIViewController+Ext.m in Sources */ = {isa = PBXBuildFile; fileRef = 74419E3E18448DD000E28DD4 /* UIViewController+Ext.m */; };
		74419E8D18448DD100E28DD4 /* DebugUtility.h in Headers */ = {isa = PBXBuildFile; fileRef = 74419E4018448DD000E28DD4 /* DebugUtility.h */; settings = {ATTRIBUTES = (Public, ); }; };
		74419E8E18448DD100E28DD4 /* DebugUtility.m in Sources */ = {isa = PBXBuildFile; fileRef = 74419E4118448DD000E28DD4 /* DebugUtility.m */; };
		74419E8F18448DD100E28DD4 /* DebugUtility.m in Sources */ = {isa = PBXBuildFile; fileRef = 74419E4118448DD000E28DD4 /* DebugUtility.m */; };
		74419E9018448DD100E28DD4 /* NSURL+Test.h in Headers */ = {isa = PBXBuildFile; fileRef = 74419E4218448DD000E28DD4 /* NSURL+Test.h */; settings = {ATTRIBUTES = (Public, ); }; };
		74419E9118448DD100E28DD4 /* NSURL+Test.m in Sources */ = {isa = PBXBuildFile; fileRef = 74419E4318448DD000E28DD4 /* NSURL+Test.m */; };
		74419E9218448DD100E28DD4 /* NSURL+Test.m in Sources */ = {isa = PBXBuildFile; fileRef = 74419E4318448DD000E28DD4 /* NSURL+Test.m */; };
		74419E9318448DD100E28DD4 /* DefaultSettings.h in Headers */ = {isa = PBXBuildFile; fileRef = 74419E4418448DD000E28DD4 /* DefaultSettings.h */; settings = {ATTRIBUTES = (Public, ); }; };
		74419E9418448DD100E28DD4 /* DefaultSettings.m in Sources */ = {isa = PBXBuildFile; fileRef = 74419E4518448DD000E28DD4 /* DefaultSettings.m */; };
		74419E9518448DD100E28DD4 /* DefaultSettings.m in Sources */ = {isa = PBXBuildFile; fileRef = 74419E4518448DD000E28DD4 /* DefaultSettings.m */; };
		74419E9618448DD100E28DD4 /* FileIOHelper.h in Headers */ = {isa = PBXBuildFile; fileRef = 74419E4618448DD000E28DD4 /* FileIOHelper.h */; settings = {ATTRIBUTES = (Public, ); }; };
		74419E9718448DD100E28DD4 /* FileIOHelper.m in Sources */ = {isa = PBXBuildFile; fileRef = 74419E4718448DD000E28DD4 /* FileIOHelper.m */; };
		74419E9818448DD100E28DD4 /* FileIOHelper.m in Sources */ = {isa = PBXBuildFile; fileRef = 74419E4718448DD000E28DD4 /* FileIOHelper.m */; };
		74419E9C18448DD100E28DD4 /* NameValuePaire.h in Headers */ = {isa = PBXBuildFile; fileRef = 74419E4A18448DD000E28DD4 /* NameValuePaire.h */; settings = {ATTRIBUTES = (Public, ); }; };
		74419E9D18448DD100E28DD4 /* NameValuePaire.m in Sources */ = {isa = PBXBuildFile; fileRef = 74419E4B18448DD000E28DD4 /* NameValuePaire.m */; };
		7461B7781B959EB300EB5D6D /* main.m in Sources */ = {isa = PBXBuildFile; fileRef = 7461B7771B959EB300EB5D6D /* main.m */; };
		7461B77B1B959EB300EB5D6D /* AppDelegate.m in Sources */ = {isa = PBXBuildFile; fileRef = 7461B77A1B959EB300EB5D6D /* AppDelegate.m */; };
		7461B77E1B959EB300EB5D6D /* ViewController.m in Sources */ = {isa = PBXBuildFile; fileRef = 7461B77D1B959EB300EB5D6D /* ViewController.m */; };
		7461B7811B959EB300EB5D6D /* Main.storyboard in Resources */ = {isa = PBXBuildFile; fileRef = 7461B77F1B959EB300EB5D6D /* Main.storyboard */; };
		7461B7831B959EB300EB5D6D /* Images.xcassets in Resources */ = {isa = PBXBuildFile; fileRef = 7461B7821B959EB300EB5D6D /* Images.xcassets */; };
		7461B7861B959EB300EB5D6D /* LaunchScreen.xib in Resources */ = {isa = PBXBuildFile; fileRef = 7461B7841B959EB300EB5D6D /* LaunchScreen.xib */; };
		7461B7921B959EB300EB5D6D /* DemoTests.m in Sources */ = {isa = PBXBuildFile; fileRef = 7461B7911B959EB300EB5D6D /* DemoTests.m */; };
		746AAF6221CCD3DC005B29F6 /* NSString+URI.m in Sources */ = {isa = PBXBuildFile; fileRef = 746AAF5D21CCD3DC005B29F6 /* NSString+URI.m */; };
		746AAF6321CCD3DC005B29F6 /* XCObjectMapping.m in Sources */ = {isa = PBXBuildFile; fileRef = 746AAF5F21CCD3DC005B29F6 /* XCObjectMapping.m */; };
		746AAF6621CCD406005B29F6 /* NSDictionary+HTTP.m in Sources */ = {isa = PBXBuildFile; fileRef = 746AAF6521CCD406005B29F6 /* NSDictionary+HTTP.m */; };
		746AAF6821CCD459005B29F6 /* NameValuePaire.m in Sources */ = {isa = PBXBuildFile; fileRef = 74419E4B18448DD000E28DD4 /* NameValuePaire.m */; };
		746AAF6921CCD459005B29F6 /* NSDictionary+HTTP.m in Sources */ = {isa = PBXBuildFile; fileRef = 746AAF6521CCD406005B29F6 /* NSDictionary+HTTP.m */; };
		746AAF6A21CCD45E005B29F6 /* NSString+URI.m in Sources */ = {isa = PBXBuildFile; fileRef = 746AAF5D21CCD3DC005B29F6 /* NSString+URI.m */; };
		746AAF6B21CCD45E005B29F6 /* XCObjectMapping.m in Sources */ = {isa = PBXBuildFile; fileRef = 746AAF5F21CCD3DC005B29F6 /* XCObjectMapping.m */; };
		748BB41121DC98070094B4CE /* NSInvocation+XCocoaUtils.m in Sources */ = {isa = PBXBuildFile; fileRef = 748BB41021DC98070094B4CE /* NSInvocation+XCocoaUtils.m */; };
		74C3560821BEA897001B0C4C /* BenchMark.h in Headers */ = {isa = PBXBuildFile; fileRef = 74C3560421BEA896001B0C4C /* BenchMark.h */; };
		74C3560921BEA897001B0C4C /* cbench_mark.h in Headers */ = {isa = PBXBuildFile; fileRef = 74C3560521BEA897001B0C4C /* cbench_mark.h */; };
		74C3560A21BEA897001B0C4C /* cbench_mark.c in Sources */ = {isa = PBXBuildFile; fileRef = 74C3560621BEA897001B0C4C /* cbench_mark.c */; };
		74C3560B21BEA897001B0C4C /* cbench_mark.c in Sources */ = {isa = PBXBuildFile; fileRef = 74C3560621BEA897001B0C4C /* cbench_mark.c */; };
		74C3560C21BEA897001B0C4C /* BenchMark.m in Sources */ = {isa = PBXBuildFile; fileRef = 74C3560721BEA897001B0C4C /* BenchMark.m */; };
		74C3560D21BEA897001B0C4C /* BenchMark.m in Sources */ = {isa = PBXBuildFile; fileRef = 74C3560721BEA897001B0C4C /* BenchMark.m */; };
		74C3561821BEC458001B0C4C /* XOperationTemplate.m in Sources */ = {isa = PBXBuildFile; fileRef = 74C3561621BEC458001B0C4C /* XOperationTemplate.m */; };
		74C3561921BEC458001B0C4C /* XOperationTemplate.m in Sources */ = {isa = PBXBuildFile; fileRef = 74C3561621BEC458001B0C4C /* XOperationTemplate.m */; };
		74C3561A21BEC458001B0C4C /* XOperationTemplate.h in Headers */ = {isa = PBXBuildFile; fileRef = 74C3561721BEC458001B0C4C /* XOperationTemplate.h */; };
		925EEDA9778C69CF219F2E8B /* libPods-Demo.a in Frameworks */ = {isa = PBXBuildFile; fileRef = 3D42116A5733F0C5FBA873E7 /* libPods-Demo.a */; };
		9D47966F2ACC00ABFFFDB620 /* libPods-DemoTests.a in Frameworks */ = {isa = PBXBuildFile; fileRef = FC97F62E93CA30D742BAEEDA /* libPods-DemoTests.a */; };
		A21415A1180CDF790067EBE8 /* Foundation.framework in Frameworks */ = {isa = PBXBuildFile; fileRef = A21415A0180CDF790067EBE8 /* Foundation.framework */; };
		A21415E7180CE0790067EBE8 /* InfoPlist.strings in Resources */ = {isa = PBXBuildFile; fileRef = A21415E5180CE0790067EBE8 /* InfoPlist.strings */; };
		A21416BD180CF6950067EBE8 /* XCocoaUtilsPublicFW.h in Headers */ = {isa = PBXBuildFile; fileRef = A21416B8180CF5C00067EBE8 /* XCocoaUtilsPublicFW.h */; settings = {ATTRIBUTES = (Public, ); }; };
		A23B2A14180D2A4800C270A4 /* UIKit.framework in Frameworks */ = {isa = PBXBuildFile; fileRef = A23B2A13180D2A4800C270A4 /* UIKit.framework */; };
		A23B2A15180D2A5F00C270A4 /* Foundation.framework in Frameworks */ = {isa = PBXBuildFile; fileRef = A21415A0180CDF790067EBE8 /* Foundation.framework */; };
		A23B2A16180D2A6800C270A4 /* UIKit.framework in Frameworks */ = {isa = PBXBuildFile; fileRef = A23B2A13180D2A4800C270A4 /* UIKit.framework */; };
/* End PBXBuildFile section */

/* Begin PBXContainerItemProxy section */
		7461B78C1B959EB300EB5D6D /* PBXContainerItemProxy */ = {
			isa = PBXContainerItemProxy;
			containerPortal = A2141595180CDF790067EBE8 /* Project object */;
			proxyType = 1;
			remoteGlobalIDString = 7461B7721B959EB300EB5D6D;
			remoteInfo = Demo;
		};
/* End PBXContainerItemProxy section */

/* Begin PBXCopyFilesBuildPhase section */
		A214159B180CDF790067EBE8 /* CopyFiles */ = {
			isa = PBXCopyFilesBuildPhase;
			buildActionMask = 12;
			dstPath = "include/$(PRODUCT_NAME)";
			dstSubfolderSpec = 16;
			files = (
			);
			runOnlyForDeploymentPostprocessing = 0;
		};
/* End PBXCopyFilesBuildPhase section */

/* Begin PBXFileReference section */
		18988A0BF756C2B7EA4A44F8 /* Pods-DemoTests.release.xcconfig */ = {isa = PBXFileReference; includeInIndex = 1; lastKnownFileType = text.xcconfig; name = "Pods-DemoTests.release.xcconfig"; path = "Pods/Target Support Files/Pods-DemoTests/Pods-DemoTests.release.xcconfig"; sourceTree = "<group>"; };
		2426B59921E24C4700B9BA7E /* XLogging.h */ = {isa = PBXFileReference; lastKnownFileType = sourcecode.c.h; path = XLogging.h; sourceTree = "<group>"; };
		2426B59A21E24C4700B9BA7E /* XLogging.c */ = {isa = PBXFileReference; lastKnownFileType = sourcecode.c.c; path = XLogging.c; sourceTree = "<group>"; };
		2426B59C21E24CB400B9BA7E /* LoggingTests.m */ = {isa = PBXFileReference; lastKnownFileType = sourcecode.c.objc; path = LoggingTests.m; sourceTree = "<group>"; };
		2426B59E21E3A67D00B9BA7E /* Demo.h */ = {isa = PBXFileReference; lastKnownFileType = sourcecode.c.h; path = Demo.h; sourceTree = "<group>"; };
		2426B59F21E3A67D00B9BA7E /* Demo.m */ = {isa = PBXFileReference; lastKnownFileType = sourcecode.c.objc; path = Demo.m; sourceTree = "<group>"; };
		24B5A12419BEF7E9009B474C /* CGFunctions.h */ = {isa = PBXFileReference; fileEncoding = 4; lastKnownFileType = sourcecode.c.h; path = CGFunctions.h; sourceTree = "<group>"; };
		24B5A12519BEF7E9009B474C /* CGFunctions.m */ = {isa = PBXFileReference; fileEncoding = 4; lastKnownFileType = sourcecode.c.objc; path = CGFunctions.m; sourceTree = "<group>"; };
		3D42116A5733F0C5FBA873E7 /* libPods-Demo.a */ = {isa = PBXFileReference; explicitFileType = archive.ar; includeInIndex = 0; path = "libPods-Demo.a"; sourceTree = BUILT_PRODUCTS_DIR; };
		41BBDE0A192620AA00A05DC9 /* NSObject+PropertyToURLParams.h */ = {isa = PBXFileReference; fileEncoding = 4; lastKnownFileType = sourcecode.c.h; path = "NSObject+PropertyToURLParams.h"; sourceTree = "<group>"; };
		41BBDE0B192620AA00A05DC9 /* NSObject+PropertyToURLParams.m */ = {isa = PBXFileReference; fileEncoding = 4; lastKnownFileType = sourcecode.c.objc; path = "NSObject+PropertyToURLParams.m"; sourceTree = "<group>"; };
		741A503719FE8C2B007840FD /* NSLayoutConstraint+Convenient.h */ = {isa = PBXFileReference; fileEncoding = 4; lastKnownFileType = sourcecode.c.h; path = "NSLayoutConstraint+Convenient.h"; sourceTree = "<group>"; };
		741A503819FE8C2B007840FD /* NSLayoutConstraint+Convenient.m */ = {isa = PBXFileReference; fileEncoding = 4; lastKnownFileType = sourcecode.c.objc; path = "NSLayoutConstraint+Convenient.m"; sourceTree = "<group>"; };
		7434EA1C19C5BE13001E6989 /* XCocoaUtilsPublic.h */ = {isa = PBXFileReference; fileEncoding = 4; lastKnownFileType = sourcecode.c.h; path = XCocoaUtilsPublic.h; sourceTree = "<group>"; };
		74419E1318448DD000E28DD4 /* RegexKitLite.h */ = {isa = PBXFileReference; fileEncoding = 4; lastKnownFileType = sourcecode.c.h; path = RegexKitLite.h; sourceTree = "<group>"; };
		74419E1418448DD000E28DD4 /* RegexKitLite.m */ = {isa = PBXFileReference; fileEncoding = 4; lastKnownFileType = sourcecode.c.objc; path = RegexKitLite.m; sourceTree = "<group>"; };
		74419E1518448DD000E28DD4 /* BlockAlertView.h */ = {isa = PBXFileReference; fileEncoding = 4; lastKnownFileType = sourcecode.c.h; path = BlockAlertView.h; sourceTree = "<group>"; };
		74419E1618448DD000E28DD4 /* BlockAlertView.m */ = {isa = PBXFileReference; fileEncoding = 4; lastKnownFileType = sourcecode.c.objc; path = BlockAlertView.m; sourceTree = "<group>"; };
		74419E1818448DD000E28DD4 /* extensions.h */ = {isa = PBXFileReference; fileEncoding = 4; lastKnownFileType = sourcecode.c.h; path = extensions.h; sourceTree = "<group>"; };
		74419E1918448DD000E28DD4 /* NSArray+Ext.h */ = {isa = PBXFileReference; fileEncoding = 4; lastKnownFileType = sourcecode.c.h; path = "NSArray+Ext.h"; sourceTree = "<group>"; };
		74419E1A18448DD000E28DD4 /* NSArray+Ext.m */ = {isa = PBXFileReference; fileEncoding = 4; lastKnownFileType = sourcecode.c.objc; path = "NSArray+Ext.m"; sourceTree = "<group>"; };
		74419E1B18448DD000E28DD4 /* NSData+Base64.h */ = {isa = PBXFileReference; fileEncoding = 4; lastKnownFileType = sourcecode.c.h; path = "NSData+Base64.h"; sourceTree = "<group>"; };
		74419E1C18448DD000E28DD4 /* NSData+Base64.m */ = {isa = PBXFileReference; fileEncoding = 4; lastKnownFileType = sourcecode.c.objc; path = "NSData+Base64.m"; sourceTree = "<group>"; };
		74419E1D18448DD000E28DD4 /* NSData+String.h */ = {isa = PBXFileReference; fileEncoding = 4; lastKnownFileType = sourcecode.c.h; path = "NSData+String.h"; sourceTree = "<group>"; };
		74419E1E18448DD000E28DD4 /* NSData+String.m */ = {isa = PBXFileReference; fileEncoding = 4; lastKnownFileType = sourcecode.c.objc; path = "NSData+String.m"; sourceTree = "<group>"; };
		74419E1F18448DD000E28DD4 /* NSDate+Ext.h */ = {isa = PBXFileReference; fileEncoding = 4; lastKnownFileType = sourcecode.c.h; path = "NSDate+Ext.h"; sourceTree = "<group>"; };
		74419E2018448DD000E28DD4 /* NSDate+Ext.m */ = {isa = PBXFileReference; fileEncoding = 4; lastKnownFileType = sourcecode.c.objc; path = "NSDate+Ext.m"; sourceTree = "<group>"; };
		74419E2118448DD000E28DD4 /* NSObject+Debug.h */ = {isa = PBXFileReference; fileEncoding = 4; lastKnownFileType = sourcecode.c.h; path = "NSObject+Debug.h"; sourceTree = "<group>"; };
		74419E2218448DD000E28DD4 /* NSObject+Debug.m */ = {isa = PBXFileReference; fileEncoding = 4; lastKnownFileType = sourcecode.c.objc; path = "NSObject+Debug.m"; sourceTree = "<group>"; };
		74419E2318448DD000E28DD4 /* NSObject+Ext.h */ = {isa = PBXFileReference; fileEncoding = 4; lastKnownFileType = sourcecode.c.h; path = "NSObject+Ext.h"; sourceTree = "<group>"; };
		74419E2418448DD000E28DD4 /* NSObject+Ext.m */ = {isa = PBXFileReference; fileEncoding = 4; lastKnownFileType = sourcecode.c.objc; path = "NSObject+Ext.m"; sourceTree = "<group>"; };
		74419E2518448DD000E28DD4 /* NSString+Ext.h */ = {isa = PBXFileReference; fileEncoding = 4; lastKnownFileType = sourcecode.c.h; path = "NSString+Ext.h"; sourceTree = "<group>"; };
		74419E2618448DD000E28DD4 /* NSString+Ext.m */ = {isa = PBXFileReference; fileEncoding = 4; lastKnownFileType = sourcecode.c.objc; path = "NSString+Ext.m"; sourceTree = "<group>"; };
		74419E2718448DD000E28DD4 /* NSTimer+Ext.h */ = {isa = PBXFileReference; fileEncoding = 4; lastKnownFileType = sourcecode.c.h; path = "NSTimer+Ext.h"; sourceTree = "<group>"; };
		74419E2818448DD000E28DD4 /* NSTimer+Ext.m */ = {isa = PBXFileReference; fileEncoding = 4; lastKnownFileType = sourcecode.c.objc; path = "NSTimer+Ext.m"; sourceTree = "<group>"; };
		74419E2918448DD000E28DD4 /* NSURL+Ext.h */ = {isa = PBXFileReference; fileEncoding = 4; lastKnownFileType = sourcecode.c.h; path = "NSURL+Ext.h"; sourceTree = "<group>"; };
		74419E2A18448DD000E28DD4 /* NSURL+Ext.m */ = {isa = PBXFileReference; fileEncoding = 4; lastKnownFileType = sourcecode.c.objc; path = "NSURL+Ext.m"; sourceTree = "<group>"; };
		74419E2B18448DD000E28DD4 /* SKProduct+Ext.h */ = {isa = PBXFileReference; fileEncoding = 4; lastKnownFileType = sourcecode.c.h; path = "SKProduct+Ext.h"; sourceTree = "<group>"; };
		74419E2C18448DD000E28DD4 /* SKProduct+Ext.m */ = {isa = PBXFileReference; fileEncoding = 4; lastKnownFileType = sourcecode.c.objc; path = "SKProduct+Ext.m"; sourceTree = "<group>"; };
		74419E2D18448DD000E28DD4 /* UIAlertView+Ext.h */ = {isa = PBXFileReference; fileEncoding = 4; lastKnownFileType = sourcecode.c.h; path = "UIAlertView+Ext.h"; sourceTree = "<group>"; };
		74419E2E18448DD000E28DD4 /* UIAlertView+Ext.m */ = {isa = PBXFileReference; fileEncoding = 4; lastKnownFileType = sourcecode.c.objc; path = "UIAlertView+Ext.m"; sourceTree = "<group>"; };
		74419E2F18448DD000E28DD4 /* UIButton+Ext.h */ = {isa = PBXFileReference; fileEncoding = 4; lastKnownFileType = sourcecode.c.h; path = "UIButton+Ext.h"; sourceTree = "<group>"; };
		74419E3018448DD000E28DD4 /* UIButton+Ext.m */ = {isa = PBXFileReference; fileEncoding = 4; lastKnownFileType = sourcecode.c.objc; path = "UIButton+Ext.m"; sourceTree = "<group>"; };
		74419E3118448DD000E28DD4 /* UIColor+Ext.h */ = {isa = PBXFileReference; fileEncoding = 4; lastKnownFileType = sourcecode.c.h; path = "UIColor+Ext.h"; sourceTree = "<group>"; };
		74419E3218448DD000E28DD4 /* UIColor+Ext.m */ = {isa = PBXFileReference; fileEncoding = 4; lastKnownFileType = sourcecode.c.objc; path = "UIColor+Ext.m"; sourceTree = "<group>"; };
		74419E3318448DD000E28DD4 /* UIFont+Ext.h */ = {isa = PBXFileReference; fileEncoding = 4; lastKnownFileType = sourcecode.c.h; path = "UIFont+Ext.h"; sourceTree = "<group>"; };
		74419E3418448DD000E28DD4 /* UIFont+Ext.m */ = {isa = PBXFileReference; fileEncoding = 4; lastKnownFileType = sourcecode.c.objc; path = "UIFont+Ext.m"; sourceTree = "<group>"; };
		74419E3518448DD000E28DD4 /* UIImage+Ext.h */ = {isa = PBXFileReference; fileEncoding = 4; lastKnownFileType = sourcecode.c.h; path = "UIImage+Ext.h"; sourceTree = "<group>"; };
		74419E3618448DD000E28DD4 /* UIImage+Ext.m */ = {isa = PBXFileReference; fileEncoding = 4; lastKnownFileType = sourcecode.c.objc; path = "UIImage+Ext.m"; sourceTree = "<group>"; };
		74419E3718448DD000E28DD4 /* UIScreen+Ext.h */ = {isa = PBXFileReference; fileEncoding = 4; lastKnownFileType = sourcecode.c.h; path = "UIScreen+Ext.h"; sourceTree = "<group>"; };
		74419E3818448DD000E28DD4 /* UIScreen+Ext.m */ = {isa = PBXFileReference; fileEncoding = 4; lastKnownFileType = sourcecode.c.objc; path = "UIScreen+Ext.m"; sourceTree = "<group>"; };
		74419E3918448DD000E28DD4 /* UIScrollView+Ext.h */ = {isa = PBXFileReference; fileEncoding = 4; lastKnownFileType = sourcecode.c.h; path = "UIScrollView+Ext.h"; sourceTree = "<group>"; };
		74419E3A18448DD000E28DD4 /* UIScrollView+Ext.m */ = {isa = PBXFileReference; fileEncoding = 4; lastKnownFileType = sourcecode.c.objc; path = "UIScrollView+Ext.m"; sourceTree = "<group>"; };
		74419E3B18448DD000E28DD4 /* UIView+Ext.h */ = {isa = PBXFileReference; fileEncoding = 4; lastKnownFileType = sourcecode.c.h; path = "UIView+Ext.h"; sourceTree = "<group>"; };
		74419E3C18448DD000E28DD4 /* UIView+Ext.m */ = {isa = PBXFileReference; fileEncoding = 4; lastKnownFileType = sourcecode.c.objc; path = "UIView+Ext.m"; sourceTree = "<group>"; };
		74419E3D18448DD000E28DD4 /* UIViewController+Ext.h */ = {isa = PBXFileReference; fileEncoding = 4; lastKnownFileType = sourcecode.c.h; path = "UIViewController+Ext.h"; sourceTree = "<group>"; };
		74419E3E18448DD000E28DD4 /* UIViewController+Ext.m */ = {isa = PBXFileReference; fileEncoding = 4; lastKnownFileType = sourcecode.c.objc; path = "UIViewController+Ext.m"; sourceTree = "<group>"; };
		74419E4018448DD000E28DD4 /* DebugUtility.h */ = {isa = PBXFileReference; fileEncoding = 4; lastKnownFileType = sourcecode.c.h; path = DebugUtility.h; sourceTree = "<group>"; };
		74419E4118448DD000E28DD4 /* DebugUtility.m */ = {isa = PBXFileReference; fileEncoding = 4; lastKnownFileType = sourcecode.c.objc; path = DebugUtility.m; sourceTree = "<group>"; };
		74419E4218448DD000E28DD4 /* NSURL+Test.h */ = {isa = PBXFileReference; fileEncoding = 4; lastKnownFileType = sourcecode.c.h; path = "NSURL+Test.h"; sourceTree = "<group>"; };
		74419E4318448DD000E28DD4 /* NSURL+Test.m */ = {isa = PBXFileReference; fileEncoding = 4; lastKnownFileType = sourcecode.c.objc; path = "NSURL+Test.m"; sourceTree = "<group>"; };
		74419E4418448DD000E28DD4 /* DefaultSettings.h */ = {isa = PBXFileReference; fileEncoding = 4; lastKnownFileType = sourcecode.c.h; path = DefaultSettings.h; sourceTree = "<group>"; };
		74419E4518448DD000E28DD4 /* DefaultSettings.m */ = {isa = PBXFileReference; fileEncoding = 4; lastKnownFileType = sourcecode.c.objc; path = DefaultSettings.m; sourceTree = "<group>"; };
		74419E4618448DD000E28DD4 /* FileIOHelper.h */ = {isa = PBXFileReference; fileEncoding = 4; lastKnownFileType = sourcecode.c.h; path = FileIOHelper.h; sourceTree = "<group>"; };
		74419E4718448DD000E28DD4 /* FileIOHelper.m */ = {isa = PBXFileReference; fileEncoding = 4; lastKnownFileType = sourcecode.c.objc; path = FileIOHelper.m; sourceTree = "<group>"; };
		74419E4A18448DD000E28DD4 /* NameValuePaire.h */ = {isa = PBXFileReference; fileEncoding = 4; lastKnownFileType = sourcecode.c.h; path = NameValuePaire.h; sourceTree = "<group>"; };
		74419E4B18448DD000E28DD4 /* NameValuePaire.m */ = {isa = PBXFileReference; fileEncoding = 4; lastKnownFileType = sourcecode.c.objc; path = NameValuePaire.m; sourceTree = "<group>"; };
		7461B7731B959EB300EB5D6D /* Demo.app */ = {isa = PBXFileReference; explicitFileType = wrapper.application; includeInIndex = 0; path = Demo.app; sourceTree = BUILT_PRODUCTS_DIR; };
		7461B7761B959EB300EB5D6D /* Info.plist */ = {isa = PBXFileReference; lastKnownFileType = text.plist.xml; path = Info.plist; sourceTree = "<group>"; };
		7461B7771B959EB300EB5D6D /* main.m */ = {isa = PBXFileReference; lastKnownFileType = sourcecode.c.objc; path = main.m; sourceTree = "<group>"; };
		7461B7791B959EB300EB5D6D /* AppDelegate.h */ = {isa = PBXFileReference; lastKnownFileType = sourcecode.c.h; path = AppDelegate.h; sourceTree = "<group>"; };
		7461B77A1B959EB300EB5D6D /* AppDelegate.m */ = {isa = PBXFileReference; lastKnownFileType = sourcecode.c.objc; path = AppDelegate.m; sourceTree = "<group>"; };
		7461B77C1B959EB300EB5D6D /* ViewController.h */ = {isa = PBXFileReference; lastKnownFileType = sourcecode.c.h; path = ViewController.h; sourceTree = "<group>"; };
		7461B77D1B959EB300EB5D6D /* ViewController.m */ = {isa = PBXFileReference; lastKnownFileType = sourcecode.c.objc; path = ViewController.m; sourceTree = "<group>"; };
		7461B7801B959EB300EB5D6D /* Base */ = {isa = PBXFileReference; lastKnownFileType = file.storyboard; name = Base; path = Base.lproj/Main.storyboard; sourceTree = "<group>"; };
		7461B7821B959EB300EB5D6D /* Images.xcassets */ = {isa = PBXFileReference; lastKnownFileType = folder.assetcatalog; path = Images.xcassets; sourceTree = "<group>"; };
		7461B7851B959EB300EB5D6D /* Base */ = {isa = PBXFileReference; lastKnownFileType = file.xib; name = Base; path = Base.lproj/LaunchScreen.xib; sourceTree = "<group>"; };
		7461B78B1B959EB300EB5D6D /* DemoTests.xctest */ = {isa = PBXFileReference; explicitFileType = wrapper.cfbundle; includeInIndex = 0; path = DemoTests.xctest; sourceTree = BUILT_PRODUCTS_DIR; };
		7461B7901B959EB300EB5D6D /* Info.plist */ = {isa = PBXFileReference; lastKnownFileType = text.plist.xml; path = Info.plist; sourceTree = "<group>"; };
		7461B7911B959EB300EB5D6D /* DemoTests.m */ = {isa = PBXFileReference; lastKnownFileType = sourcecode.c.objc; path = DemoTests.m; sourceTree = "<group>"; };
		746AAF5D21CCD3DC005B29F6 /* NSString+URI.m */ = {isa = PBXFileReference; fileEncoding = 4; lastKnownFileType = sourcecode.c.objc; path = "NSString+URI.m"; sourceTree = "<group>"; };
		746AAF5E21CCD3DC005B29F6 /* XCObjectMapping.h */ = {isa = PBXFileReference; fileEncoding = 4; lastKnownFileType = sourcecode.c.h; path = XCObjectMapping.h; sourceTree = "<group>"; };
		746AAF5F21CCD3DC005B29F6 /* XCObjectMapping.m */ = {isa = PBXFileReference; fileEncoding = 4; lastKnownFileType = sourcecode.c.objc; path = XCObjectMapping.m; sourceTree = "<group>"; };
		746AAF6021CCD3DC005B29F6 /* XCObjectMappingDelegate.h */ = {isa = PBXFileReference; fileEncoding = 4; lastKnownFileType = sourcecode.c.h; path = XCObjectMappingDelegate.h; sourceTree = "<group>"; };
		746AAF6121CCD3DC005B29F6 /* NSString+URI.h */ = {isa = PBXFileReference; fileEncoding = 4; lastKnownFileType = sourcecode.c.h; path = "NSString+URI.h"; sourceTree = "<group>"; };
		746AAF6421CCD406005B29F6 /* NSDictionary+HTTP.h */ = {isa = PBXFileReference; lastKnownFileType = sourcecode.c.h; path = "NSDictionary+HTTP.h"; sourceTree = "<group>"; };
		746AAF6521CCD406005B29F6 /* NSDictionary+HTTP.m */ = {isa = PBXFileReference; lastKnownFileType = sourcecode.c.objc; path = "NSDictionary+HTTP.m"; sourceTree = "<group>"; };
		74875C70186C3181000A0331 /* zh-Hans */ = {isa = PBXFileReference; lastKnownFileType = text.plist.strings; name = "zh-Hans"; path = "zh-Hans.lproj/InfoPlist.strings"; sourceTree = "<group>"; };
		748BB40F21DC98070094B4CE /* NSInvocation+XCocoaUtils.h */ = {isa = PBXFileReference; lastKnownFileType = sourcecode.c.h; path = "NSInvocation+XCocoaUtils.h"; sourceTree = "<group>"; };
		748BB41021DC98070094B4CE /* NSInvocation+XCocoaUtils.m */ = {isa = PBXFileReference; lastKnownFileType = sourcecode.c.objc; path = "NSInvocation+XCocoaUtils.m"; sourceTree = "<group>"; };
		74C3560421BEA896001B0C4C /* BenchMark.h */ = {isa = PBXFileReference; fileEncoding = 4; lastKnownFileType = sourcecode.c.h; path = BenchMark.h; sourceTree = "<group>"; };
		74C3560521BEA897001B0C4C /* cbench_mark.h */ = {isa = PBXFileReference; fileEncoding = 4; lastKnownFileType = sourcecode.c.h; path = cbench_mark.h; sourceTree = "<group>"; };
		74C3560621BEA897001B0C4C /* cbench_mark.c */ = {isa = PBXFileReference; fileEncoding = 4; lastKnownFileType = sourcecode.c.c; path = cbench_mark.c; sourceTree = "<group>"; };
		74C3560721BEA897001B0C4C /* BenchMark.m */ = {isa = PBXFileReference; fileEncoding = 4; lastKnownFileType = sourcecode.c.objc; path = BenchMark.m; sourceTree = "<group>"; };
		74C3561021BEB283001B0C4C /* memory_macros.h */ = {isa = PBXFileReference; lastKnownFileType = sourcecode.c.h; path = memory_macros.h; sourceTree = "<group>"; };
		74C3561221BEB728001B0C4C /* singletone.h */ = {isa = PBXFileReference; lastKnownFileType = sourcecode.c.h; path = singletone.h; sourceTree = "<group>"; };
		74C3561321BEB7A9001B0C4C /* UIKit_macros.h */ = {isa = PBXFileReference; lastKnownFileType = sourcecode.c.h; path = UIKit_macros.h; sourceTree = "<group>"; };
		74C3561421BEB7CE001B0C4C /* web_macros.h */ = {isa = PBXFileReference; lastKnownFileType = sourcecode.c.h; path = web_macros.h; sourceTree = "<group>"; };
		74C3561521BEBA08001B0C4C /* CF_macros.h */ = {isa = PBXFileReference; lastKnownFileType = sourcecode.c.h; path = CF_macros.h; sourceTree = "<group>"; };
		74C3561621BEC458001B0C4C /* XOperationTemplate.m */ = {isa = PBXFileReference; fileEncoding = 4; lastKnownFileType = sourcecode.c.objc; path = XOperationTemplate.m; sourceTree = "<group>"; };
		74C3561721BEC458001B0C4C /* XOperationTemplate.h */ = {isa = PBXFileReference; fileEncoding = 4; lastKnownFileType = sourcecode.c.h; path = XOperationTemplate.h; sourceTree = "<group>"; };
		74E15A0B1B9542CC00E522A3 /* XCocoaUtilsPublic.podspec */ = {isa = PBXFileReference; lastKnownFileType = text; path = XCocoaUtilsPublic.podspec; sourceTree = "<group>"; xcLanguageSpecificationIdentifier = xcode.lang.ruby; };
		A214159D180CDF790067EBE8 /* libXCocoaUtilsPublic.a */ = {isa = PBXFileReference; explicitFileType = archive.ar; includeInIndex = 0; path = libXCocoaUtilsPublic.a; sourceTree = BUILT_PRODUCTS_DIR; };
		A21415A0180CDF790067EBE8 /* Foundation.framework */ = {isa = PBXFileReference; lastKnownFileType = wrapper.framework; name = Foundation.framework; path = System/Library/Frameworks/Foundation.framework; sourceTree = SDKROOT; };
		A21415A4180CDF790067EBE8 /* XCocoaUtilsPublic-Prefix.pch */ = {isa = PBXFileReference; lastKnownFileType = sourcecode.c.h; path = "XCocoaUtilsPublic-Prefix.pch"; sourceTree = "<group>"; };
		A21415AE180CDF790067EBE8 /* XCTest.framework */ = {isa = PBXFileReference; lastKnownFileType = wrapper.framework; name = XCTest.framework; path = Library/Frameworks/XCTest.framework; sourceTree = DEVELOPER_DIR; };
		A21415E1180CE0790067EBE8 /* XCocoaUtilsPublicFW.framework */ = {isa = PBXFileReference; explicitFileType = wrapper.cfbundle; includeInIndex = 0; path = XCocoaUtilsPublicFW.framework; sourceTree = BUILT_PRODUCTS_DIR; };
		A21415E4180CE0790067EBE8 /* XCocoaUtilsPublicFW-Info.plist */ = {isa = PBXFileReference; lastKnownFileType = text.plist.xml; path = "XCocoaUtilsPublicFW-Info.plist"; sourceTree = "<group>"; };
		A21415E6180CE0790067EBE8 /* en */ = {isa = PBXFileReference; lastKnownFileType = text.plist.strings; name = en; path = en.lproj/InfoPlist.strings; sourceTree = "<group>"; };
		A21415E8180CE0790067EBE8 /* XCocoaUtilsPublicFW-Prefix.pch */ = {isa = PBXFileReference; lastKnownFileType = sourcecode.c.h; path = "XCocoaUtilsPublicFW-Prefix.pch"; sourceTree = "<group>"; };
		A21416B8180CF5C00067EBE8 /* XCocoaUtilsPublicFW.h */ = {isa = PBXFileReference; lastKnownFileType = sourcecode.c.h; path = XCocoaUtilsPublicFW.h; sourceTree = "<group>"; };
		A23B2A13180D2A4800C270A4 /* UIKit.framework */ = {isa = PBXFileReference; lastKnownFileType = wrapper.framework; name = UIKit.framework; path = System/Library/Frameworks/UIKit.framework; sourceTree = SDKROOT; };
		B4007AF7FEADF6E24E82DB39 /* Pods-DemoTests.debug.xcconfig */ = {isa = PBXFileReference; includeInIndex = 1; lastKnownFileType = text.xcconfig; name = "Pods-DemoTests.debug.xcconfig"; path = "Pods/Target Support Files/Pods-DemoTests/Pods-DemoTests.debug.xcconfig"; sourceTree = "<group>"; };
		EC000DA0AC340C4FE978318C /* Pods-Demo.release.xcconfig */ = {isa = PBXFileReference; includeInIndex = 1; lastKnownFileType = text.xcconfig; name = "Pods-Demo.release.xcconfig"; path = "Pods/Target Support Files/Pods-Demo/Pods-Demo.release.xcconfig"; sourceTree = "<group>"; };
		F0641409338246BAC2463C7B /* Pods-Demo.debug.xcconfig */ = {isa = PBXFileReference; includeInIndex = 1; lastKnownFileType = text.xcconfig; name = "Pods-Demo.debug.xcconfig"; path = "Pods/Target Support Files/Pods-Demo/Pods-Demo.debug.xcconfig"; sourceTree = "<group>"; };
		FC97F62E93CA30D742BAEEDA /* libPods-DemoTests.a */ = {isa = PBXFileReference; explicitFileType = archive.ar; includeInIndex = 0; path = "libPods-DemoTests.a"; sourceTree = BUILT_PRODUCTS_DIR; };
/* End PBXFileReference section */

/* Begin PBXFrameworksBuildPhase section */
		7461B7701B959EB300EB5D6D /* Frameworks */ = {
			isa = PBXFrameworksBuildPhase;
			buildActionMask = 2147483647;
			files = (
				925EEDA9778C69CF219F2E8B /* libPods-Demo.a in Frameworks */,
			);
			runOnlyForDeploymentPostprocessing = 0;
		};
		7461B7881B959EB300EB5D6D /* Frameworks */ = {
			isa = PBXFrameworksBuildPhase;
			buildActionMask = 2147483647;
			files = (
				9D47966F2ACC00ABFFFDB620 /* libPods-DemoTests.a in Frameworks */,
			);
			runOnlyForDeploymentPostprocessing = 0;
		};
		A214159A180CDF790067EBE8 /* Frameworks */ = {
			isa = PBXFrameworksBuildPhase;
			buildActionMask = 2147483647;
			files = (
				A23B2A16180D2A6800C270A4 /* UIKit.framework in Frameworks */,
				A21415A1180CDF790067EBE8 /* Foundation.framework in Frameworks */,
			);
			runOnlyForDeploymentPostprocessing = 0;
		};
		A21415DB180CE0790067EBE8 /* Frameworks */ = {
			isa = PBXFrameworksBuildPhase;
			buildActionMask = 2147483647;
			files = (
				A23B2A15180D2A5F00C270A4 /* Foundation.framework in Frameworks */,
				A23B2A14180D2A4800C270A4 /* UIKit.framework in Frameworks */,
			);
			runOnlyForDeploymentPostprocessing = 0;
		};
/* End PBXFrameworksBuildPhase section */

/* Begin PBXGroup section */
		2426B59821E24C2900B9BA7E /* Logging */ = {
			isa = PBXGroup;
			children = (
				2426B59921E24C4700B9BA7E /* XLogging.h */,
				2426B59A21E24C4700B9BA7E /* XLogging.c */,
			);
			path = Logging;
			sourceTree = "<group>";
		};
		29EF8ABF903E6BBF7D52D683 /* Pods */ = {
			isa = PBXGroup;
			children = (
				F0641409338246BAC2463C7B /* Pods-Demo.debug.xcconfig */,
				EC000DA0AC340C4FE978318C /* Pods-Demo.release.xcconfig */,
				B4007AF7FEADF6E24E82DB39 /* Pods-DemoTests.debug.xcconfig */,
				18988A0BF756C2B7EA4A44F8 /* Pods-DemoTests.release.xcconfig */,
			);
			name = Pods;
			sourceTree = "<group>";
		};
		74419E1118448DD000E28DD4 /* XCocoaUtilsPublic */ = {
			isa = PBXGroup;
			children = (
				2426B59821E24C2900B9BA7E /* Logging */,
				748BB40D21DC97BD0094B4CE /* Runtime */,
				74C3561B21BEC467001B0C4C /* concurrency */,
				74C3561121BEB676001B0C4C /* UIKit */,
				74C3560F21BEB268001B0C4C /* macros */,
				74C3560E21BEAAA0001B0C4C /* io */,
				74C355FA21BEA72B001B0C4C /* http */,
				74C355F921BEA717001B0C4C /* benchmark */,
				74419E1218448DD000E28DD4 /* 3rdParty */,
				74419E1718448DD000E28DD4 /* categories */,
				74419E3F18448DD000E28DD4 /* debug */,
				7434EA1C19C5BE13001E6989 /* XCocoaUtilsPublic.h */,
			);
			path = XCocoaUtilsPublic;
			sourceTree = "<group>";
		};
		74419E1218448DD000E28DD4 /* 3rdParty */ = {
			isa = PBXGroup;
			children = (
				74419E1318448DD000E28DD4 /* RegexKitLite.h */,
				74419E1418448DD000E28DD4 /* RegexKitLite.m */,
			);
			path = 3rdParty;
			sourceTree = "<group>";
		};
		74419E1718448DD000E28DD4 /* categories */ = {
			isa = PBXGroup;
			children = (
				74419E1818448DD000E28DD4 /* extensions.h */,
				74419E1918448DD000E28DD4 /* NSArray+Ext.h */,
				74419E1A18448DD000E28DD4 /* NSArray+Ext.m */,
				74419E1B18448DD000E28DD4 /* NSData+Base64.h */,
				74419E1C18448DD000E28DD4 /* NSData+Base64.m */,
				74419E1D18448DD000E28DD4 /* NSData+String.h */,
				74419E1E18448DD000E28DD4 /* NSData+String.m */,
				74419E1F18448DD000E28DD4 /* NSDate+Ext.h */,
				74419E2018448DD000E28DD4 /* NSDate+Ext.m */,
				741A503719FE8C2B007840FD /* NSLayoutConstraint+Convenient.h */,
				741A503819FE8C2B007840FD /* NSLayoutConstraint+Convenient.m */,
				74419E2118448DD000E28DD4 /* NSObject+Debug.h */,
				74419E2218448DD000E28DD4 /* NSObject+Debug.m */,
				74419E2318448DD000E28DD4 /* NSObject+Ext.h */,
				74419E2418448DD000E28DD4 /* NSObject+Ext.m */,
				41BBDE0A192620AA00A05DC9 /* NSObject+PropertyToURLParams.h */,
				41BBDE0B192620AA00A05DC9 /* NSObject+PropertyToURLParams.m */,
				74419E2518448DD000E28DD4 /* NSString+Ext.h */,
				74419E2618448DD000E28DD4 /* NSString+Ext.m */,
				74419E2718448DD000E28DD4 /* NSTimer+Ext.h */,
				74419E2818448DD000E28DD4 /* NSTimer+Ext.m */,
				74419E2918448DD000E28DD4 /* NSURL+Ext.h */,
				74419E2A18448DD000E28DD4 /* NSURL+Ext.m */,
				74419E2B18448DD000E28DD4 /* SKProduct+Ext.h */,
				74419E2C18448DD000E28DD4 /* SKProduct+Ext.m */,
				74419E2D18448DD000E28DD4 /* UIAlertView+Ext.h */,
				74419E2E18448DD000E28DD4 /* UIAlertView+Ext.m */,
				74419E2F18448DD000E28DD4 /* UIButton+Ext.h */,
				74419E3018448DD000E28DD4 /* UIButton+Ext.m */,
				74419E3118448DD000E28DD4 /* UIColor+Ext.h */,
				74419E3218448DD000E28DD4 /* UIColor+Ext.m */,
				74419E3318448DD000E28DD4 /* UIFont+Ext.h */,
				74419E3418448DD000E28DD4 /* UIFont+Ext.m */,
				74419E3518448DD000E28DD4 /* UIImage+Ext.h */,
				74419E3618448DD000E28DD4 /* UIImage+Ext.m */,
				74419E3718448DD000E28DD4 /* UIScreen+Ext.h */,
				74419E3818448DD000E28DD4 /* UIScreen+Ext.m */,
				74419E3918448DD000E28DD4 /* UIScrollView+Ext.h */,
				74419E3A18448DD000E28DD4 /* UIScrollView+Ext.m */,
				74419E3B18448DD000E28DD4 /* UIView+Ext.h */,
				74419E3C18448DD000E28DD4 /* UIView+Ext.m */,
				74419E3D18448DD000E28DD4 /* UIViewController+Ext.h */,
				74419E3E18448DD000E28DD4 /* UIViewController+Ext.m */,
			);
			path = categories;
			sourceTree = "<group>";
		};
		74419E3F18448DD000E28DD4 /* debug */ = {
			isa = PBXGroup;
			children = (
				74419E4018448DD000E28DD4 /* DebugUtility.h */,
				74419E4118448DD000E28DD4 /* DebugUtility.m */,
				74419E4218448DD000E28DD4 /* NSURL+Test.h */,
				74419E4318448DD000E28DD4 /* NSURL+Test.m */,
			);
			path = debug;
			sourceTree = "<group>";
		};
		7461B7741B959EB300EB5D6D /* Demo */ = {
			isa = PBXGroup;
			children = (
				7461B7791B959EB300EB5D6D /* AppDelegate.h */,
				7461B77A1B959EB300EB5D6D /* AppDelegate.m */,
				2426B59E21E3A67D00B9BA7E /* Demo.h */,
				2426B59F21E3A67D00B9BA7E /* Demo.m */,
				7461B7821B959EB300EB5D6D /* Images.xcassets */,
				7461B7841B959EB300EB5D6D /* LaunchScreen.xib */,
				7461B77F1B959EB300EB5D6D /* Main.storyboard */,
				7461B7751B959EB300EB5D6D /* Supporting Files */,
				7461B77C1B959EB300EB5D6D /* ViewController.h */,
				7461B77D1B959EB300EB5D6D /* ViewController.m */,
			);
			path = Demo;
			sourceTree = "<group>";
		};
		7461B7751B959EB300EB5D6D /* Supporting Files */ = {
			isa = PBXGroup;
			children = (
				7461B7761B959EB300EB5D6D /* Info.plist */,
				7461B7771B959EB300EB5D6D /* main.m */,
			);
			name = "Supporting Files";
			sourceTree = "<group>";
		};
		7461B78E1B959EB300EB5D6D /* DemoTests */ = {
			isa = PBXGroup;
			children = (
				7461B7911B959EB300EB5D6D /* DemoTests.m */,
				2426B59C21E24CB400B9BA7E /* LoggingTests.m */,
				7461B78F1B959EB300EB5D6D /* Supporting Files */,
			);
			path = DemoTests;
			sourceTree = "<group>";
		};
		7461B78F1B959EB300EB5D6D /* Supporting Files */ = {
			isa = PBXGroup;
			children = (
				7461B7901B959EB300EB5D6D /* Info.plist */,
			);
			name = "Supporting Files";
			sourceTree = "<group>";
		};
		748BB40D21DC97BD0094B4CE /* Runtime */ = {
			isa = PBXGroup;
			children = (
				748BB40F21DC98070094B4CE /* NSInvocation+XCocoaUtils.h */,
				748BB41021DC98070094B4CE /* NSInvocation+XCocoaUtils.m */,
			);
			path = Runtime;
			sourceTree = "<group>";
		};
		74C355F921BEA717001B0C4C /* benchmark */ = {
			isa = PBXGroup;
			children = (
				74C3560421BEA896001B0C4C /* BenchMark.h */,
				74C3560721BEA897001B0C4C /* BenchMark.m */,
				74C3560621BEA897001B0C4C /* cbench_mark.c */,
				74C3560521BEA897001B0C4C /* cbench_mark.h */,
			);
			path = benchmark;
			sourceTree = "<group>";
		};
		74C355FA21BEA72B001B0C4C /* http */ = {
			isa = PBXGroup;
			children = (
				746AAF6121CCD3DC005B29F6 /* NSString+URI.h */,
				746AAF5D21CCD3DC005B29F6 /* NSString+URI.m */,
				746AAF5E21CCD3DC005B29F6 /* XCObjectMapping.h */,
				746AAF5F21CCD3DC005B29F6 /* XCObjectMapping.m */,
				746AAF6021CCD3DC005B29F6 /* XCObjectMappingDelegate.h */,
				74419E4A18448DD000E28DD4 /* NameValuePaire.h */,
				74419E4B18448DD000E28DD4 /* NameValuePaire.m */,
				746AAF6421CCD406005B29F6 /* NSDictionary+HTTP.h */,
				746AAF6521CCD406005B29F6 /* NSDictionary+HTTP.m */,
			);
			path = http;
			sourceTree = "<group>";
		};
		74C3560E21BEAAA0001B0C4C /* io */ = {
			isa = PBXGroup;
			children = (
				74419E4418448DD000E28DD4 /* DefaultSettings.h */,
				74419E4518448DD000E28DD4 /* DefaultSettings.m */,
				74419E4618448DD000E28DD4 /* FileIOHelper.h */,
				74419E4718448DD000E28DD4 /* FileIOHelper.m */,
			);
			path = io;
			sourceTree = "<group>";
		};
		74C3560F21BEB268001B0C4C /* macros */ = {
			isa = PBXGroup;
			children = (
				74C3561021BEB283001B0C4C /* memory_macros.h */,
				74C3561221BEB728001B0C4C /* singletone.h */,
				74C3561321BEB7A9001B0C4C /* UIKit_macros.h */,
				74C3561421BEB7CE001B0C4C /* web_macros.h */,
				74C3561521BEBA08001B0C4C /* CF_macros.h */,
			);
			path = macros;
			sourceTree = "<group>";
		};
		74C3561121BEB676001B0C4C /* UIKit */ = {
			isa = PBXGroup;
			children = (
				24B5A12419BEF7E9009B474C /* CGFunctions.h */,
				24B5A12519BEF7E9009B474C /* CGFunctions.m */,
				74419E1518448DD000E28DD4 /* BlockAlertView.h */,
				74419E1618448DD000E28DD4 /* BlockAlertView.m */,
			);
			path = UIKit;
			sourceTree = "<group>";
		};
		74C3561B21BEC467001B0C4C /* concurrency */ = {
			isa = PBXGroup;
			children = (
				74C3561721BEC458001B0C4C /* XOperationTemplate.h */,
				74C3561621BEC458001B0C4C /* XOperationTemplate.m */,
			);
			path = concurrency;
			sourceTree = "<group>";
		};
		A2141594180CDF790067EBE8 = {
			isa = PBXGroup;
			children = (
				74E15A0B1B9542CC00E522A3 /* XCocoaUtilsPublic.podspec */,
				A21415EC180CE1190067EBE8 /* src */,
				A21415A2180CDF790067EBE8 /* XCocoaUtilsPublic */,
				A21415E2180CE0790067EBE8 /* XCocoaUtilsPublicFW */,
				7461B7741B959EB300EB5D6D /* Demo */,
				7461B78E1B959EB300EB5D6D /* DemoTests */,
				A214159F180CDF790067EBE8 /* Frameworks */,
				A214159E180CDF790067EBE8 /* Products */,
				29EF8ABF903E6BBF7D52D683 /* Pods */,
			);
			sourceTree = "<group>";
		};
		A214159E180CDF790067EBE8 /* Products */ = {
			isa = PBXGroup;
			children = (
				A214159D180CDF790067EBE8 /* libXCocoaUtilsPublic.a */,
				A21415E1180CE0790067EBE8 /* XCocoaUtilsPublicFW.framework */,
				7461B7731B959EB300EB5D6D /* Demo.app */,
				7461B78B1B959EB300EB5D6D /* DemoTests.xctest */,
			);
			name = Products;
			sourceTree = "<group>";
		};
		A214159F180CDF790067EBE8 /* Frameworks */ = {
			isa = PBXGroup;
			children = (
				A23B2A13180D2A4800C270A4 /* UIKit.framework */,
				A21415A0180CDF790067EBE8 /* Foundation.framework */,
				A21415AE180CDF790067EBE8 /* XCTest.framework */,
				3D42116A5733F0C5FBA873E7 /* libPods-Demo.a */,
				FC97F62E93CA30D742BAEEDA /* libPods-DemoTests.a */,
			);
			name = Frameworks;
			sourceTree = "<group>";
		};
		A21415A2180CDF790067EBE8 /* XCocoaUtilsPublic */ = {
			isa = PBXGroup;
			children = (
				A21415A3180CDF790067EBE8 /* Supporting Files */,
			);
			path = XCocoaUtilsPublic;
			sourceTree = "<group>";
		};
		A21415A3180CDF790067EBE8 /* Supporting Files */ = {
			isa = PBXGroup;
			children = (
				A21415A4180CDF790067EBE8 /* XCocoaUtilsPublic-Prefix.pch */,
			);
			name = "Supporting Files";
			sourceTree = "<group>";
		};
		A21415E2180CE0790067EBE8 /* XCocoaUtilsPublicFW */ = {
			isa = PBXGroup;
			children = (
				A21415E3180CE0790067EBE8 /* Supporting Files */,
				A21416B8180CF5C00067EBE8 /* XCocoaUtilsPublicFW.h */,
			);
			path = XCocoaUtilsPublicFW;
			sourceTree = "<group>";
		};
		A21415E3180CE0790067EBE8 /* Supporting Files */ = {
			isa = PBXGroup;
			children = (
				A21415E4180CE0790067EBE8 /* XCocoaUtilsPublicFW-Info.plist */,
				A21415E5180CE0790067EBE8 /* InfoPlist.strings */,
				A21415E8180CE0790067EBE8 /* XCocoaUtilsPublicFW-Prefix.pch */,
			);
			name = "Supporting Files";
			sourceTree = "<group>";
		};
		A21415EC180CE1190067EBE8 /* src */ = {
			isa = PBXGroup;
			children = (
				74419E1118448DD000E28DD4 /* XCocoaUtilsPublic */,
			);
			path = src;
			sourceTree = "<group>";
		};
/* End PBXGroup section */

/* Begin PBXHeadersBuildPhase section */
		A21415DC180CE0790067EBE8 /* Headers */ = {
			isa = PBXHeadersBuildPhase;
			buildActionMask = 2147483647;
			files = (
				A21416BD180CF6950067EBE8 /* XCocoaUtilsPublicFW.h in Headers */,
				74419E6918448DD100E28DD4 /* NSTimer+Ext.h in Headers */,
				74419E5418448DD000E28DD4 /* NSArray+Ext.h in Headers */,
				74C3560821BEA897001B0C4C /* BenchMark.h in Headers */,
				74419E7818448DD100E28DD4 /* UIColor+Ext.h in Headers */,
				74419E6C18448DD100E28DD4 /* NSURL+Ext.h in Headers */,
				74419E6318448DD100E28DD4 /* NSObject+Ext.h in Headers */,
				41BBDE0C192620AA00A05DC9 /* NSObject+PropertyToURLParams.h in Headers */,
				74C3561A21BEC458001B0C4C /* XOperationTemplate.h in Headers */,
				74419E5A18448DD000E28DD4 /* NSData+String.h in Headers */,
				74419E8D18448DD100E28DD4 /* DebugUtility.h in Headers */,
				74419E5718448DD000E28DD4 /* NSData+Base64.h in Headers */,
				24B5A12619BEF7E9009B474C /* CGFunctions.h in Headers */,
				74419E9618448DD100E28DD4 /* FileIOHelper.h in Headers */,
				74419E9318448DD100E28DD4 /* DefaultSettings.h in Headers */,
				74419E9C18448DD100E28DD4 /* NameValuePaire.h in Headers */,
				74419E7E18448DD100E28DD4 /* UIImage+Ext.h in Headers */,
				74419E4D18448DD000E28DD4 /* RegexKitLite.h in Headers */,
				74419E5D18448DD000E28DD4 /* NSDate+Ext.h in Headers */,
				74419E6618448DD100E28DD4 /* NSString+Ext.h in Headers */,
				74C3560921BEA897001B0C4C /* cbench_mark.h in Headers */,
				74419E7518448DD100E28DD4 /* UIButton+Ext.h in Headers */,
				74419E9018448DD100E28DD4 /* NSURL+Test.h in Headers */,
				74419E5318448DD000E28DD4 /* extensions.h in Headers */,
				74419E8118448DD100E28DD4 /* UIScreen+Ext.h in Headers */,
				7434EA1D19C5BE13001E6989 /* XCocoaUtilsPublic.h in Headers */,
				74419E8718448DD100E28DD4 /* UIView+Ext.h in Headers */,
				74419E5018448DD000E28DD4 /* BlockAlertView.h in Headers */,
				74419E8A18448DD100E28DD4 /* UIViewController+Ext.h in Headers */,
				74419E6F18448DD100E28DD4 /* SKProduct+Ext.h in Headers */,
				74419E6018448DD100E28DD4 /* NSObject+Debug.h in Headers */,
				74419E7218448DD100E28DD4 /* UIAlertView+Ext.h in Headers */,
				741A503919FE8C2B007840FD /* NSLayoutConstraint+Convenient.h in Headers */,
				74419E8418448DD100E28DD4 /* UIScrollView+Ext.h in Headers */,
				74419E7B18448DD100E28DD4 /* UIFont+Ext.h in Headers */,
			);
			runOnlyForDeploymentPostprocessing = 0;
		};
/* End PBXHeadersBuildPhase section */

/* Begin PBXNativeTarget section */
		7461B7721B959EB300EB5D6D /* Demo */ = {
			isa = PBXNativeTarget;
			buildConfigurationList = 7461B7971B959EB300EB5D6D /* Build configuration list for PBXNativeTarget "Demo" */;
			buildPhases = (
				0B0FF0D8A4B60245619D7D16 /* [CP] Check Pods Manifest.lock */,
				7461B76F1B959EB300EB5D6D /* Sources */,
				7461B7701B959EB300EB5D6D /* Frameworks */,
				7461B7711B959EB300EB5D6D /* Resources */,
			);
			buildRules = (
			);
			dependencies = (
			);
			name = Demo;
			productName = Demo;
			productReference = 7461B7731B959EB300EB5D6D /* Demo.app */;
			productType = "com.apple.product-type.application";
		};
		7461B78A1B959EB300EB5D6D /* DemoTests */ = {
			isa = PBXNativeTarget;
			buildConfigurationList = 7461B7981B959EB300EB5D6D /* Build configuration list for PBXNativeTarget "DemoTests" */;
			buildPhases = (
				764C40791C85AE55953AEDA8 /* [CP] Check Pods Manifest.lock */,
				7461B7871B959EB300EB5D6D /* Sources */,
				7461B7881B959EB300EB5D6D /* Frameworks */,
				7461B7891B959EB300EB5D6D /* Resources */,
			);
			buildRules = (
			);
			dependencies = (
				7461B78D1B959EB300EB5D6D /* PBXTargetDependency */,
			);
			name = DemoTests;
			productName = DemoTests;
			productReference = 7461B78B1B959EB300EB5D6D /* DemoTests.xctest */;
			productType = "com.apple.product-type.bundle.unit-test";
		};
		A214159C180CDF790067EBE8 /* XCocoaUtilsPublic */ = {
			isa = PBXNativeTarget;
			buildConfigurationList = A21415C0180CDF790067EBE8 /* Build configuration list for PBXNativeTarget "XCocoaUtilsPublic" */;
			buildPhases = (
				A214159A180CDF790067EBE8 /* Frameworks */,
				A2141599180CDF790067EBE8 /* Sources */,
				A214159B180CDF790067EBE8 /* CopyFiles */,
			);
			buildRules = (
			);
			dependencies = (
			);
			name = XCocoaUtilsPublic;
			productName = XCocoaUtilsPublic;
			productReference = A214159D180CDF790067EBE8 /* libXCocoaUtilsPublic.a */;
			productType = "com.apple.product-type.library.static";
		};
		A21415E0180CE0790067EBE8 /* XCocoaUtilsPublicFW */ = {
			isa = PBXNativeTarget;
			buildConfigurationList = A21415E9180CE0790067EBE8 /* Build configuration list for PBXNativeTarget "XCocoaUtilsPublicFW" */;
			buildPhases = (
				A21415D9180CE0790067EBE8 /* ShellScript */,
				A21415DA180CE0790067EBE8 /* Sources */,
				A21415DB180CE0790067EBE8 /* Frameworks */,
				A21415DC180CE0790067EBE8 /* Headers */,
				A21415DD180CE0790067EBE8 /* Resources */,
				A21415DE180CE0790067EBE8 /* ShellScript */,
				A21415DF180CE0790067EBE8 /* ShellScript */,
			);
			buildRules = (
			);
			dependencies = (
			);
			name = XCocoaUtilsPublicFW;
			productName = XCocoaUtilsPublicFW;
			productReference = A21415E1180CE0790067EBE8 /* XCocoaUtilsPublicFW.framework */;
			productType = "com.apple.product-type.bundle";
		};
/* End PBXNativeTarget section */

/* Begin PBXProject section */
		A2141595180CDF790067EBE8 /* Project object */ = {
			isa = PBXProject;
			attributes = {
				CLASSPREFIX = "";
				LastUpgradeCheck = 0510;
				ORGANIZATIONNAME = Deheng.Xu;
				TargetAttributes = {
					7461B7721B959EB300EB5D6D = {
						CreatedOnToolsVersion = 6.4;
						DevelopmentTeam = 375GT6S3QN;
						ProvisioningStyle = Automatic;
					};
					7461B78A1B959EB300EB5D6D = {
						CreatedOnToolsVersion = 6.4;
						TestTargetID = 7461B7721B959EB300EB5D6D;
					};
				};
			};
			buildConfigurationList = A2141598180CDF790067EBE8 /* Build configuration list for PBXProject "XCocoaUtilsPublic" */;
			compatibilityVersion = "Xcode 3.2";
			developmentRegion = English;
			hasScannedForEncodings = 0;
			knownRegions = (
				en,
				"zh-Hans",
				Base,
			);
			mainGroup = A2141594180CDF790067EBE8;
			productRefGroup = A214159E180CDF790067EBE8 /* Products */;
			projectDirPath = "";
			projectRoot = "";
			targets = (
				7461B7721B959EB300EB5D6D /* Demo */,
				7461B78A1B959EB300EB5D6D /* DemoTests */,
				A214159C180CDF790067EBE8 /* XCocoaUtilsPublic */,
				A21415E0180CE0790067EBE8 /* XCocoaUtilsPublicFW */,
			);
		};
/* End PBXProject section */

/* Begin PBXResourcesBuildPhase section */
		7461B7711B959EB300EB5D6D /* Resources */ = {
			isa = PBXResourcesBuildPhase;
			buildActionMask = 2147483647;
			files = (
				7461B7811B959EB300EB5D6D /* Main.storyboard in Resources */,
				7461B7861B959EB300EB5D6D /* LaunchScreen.xib in Resources */,
				7461B7831B959EB300EB5D6D /* Images.xcassets in Resources */,
			);
			runOnlyForDeploymentPostprocessing = 0;
		};
		7461B7891B959EB300EB5D6D /* Resources */ = {
			isa = PBXResourcesBuildPhase;
			buildActionMask = 2147483647;
			files = (
			);
			runOnlyForDeploymentPostprocessing = 0;
		};
		A21415DD180CE0790067EBE8 /* Resources */ = {
			isa = PBXResourcesBuildPhase;
			buildActionMask = 2147483647;
			files = (
				A21415E7180CE0790067EBE8 /* InfoPlist.strings in Resources */,
			);
			runOnlyForDeploymentPostprocessing = 0;
		};
/* End PBXResourcesBuildPhase section */

/* Begin PBXShellScriptBuildPhase section */
		0B0FF0D8A4B60245619D7D16 /* [CP] Check Pods Manifest.lock */ = {
			isa = PBXShellScriptBuildPhase;
			buildActionMask = 2147483647;
			files = (
			);
			inputPaths = (
				"${PODS_PODFILE_DIR_PATH}/Podfile.lock",
				"${PODS_ROOT}/Manifest.lock",
			);
			name = "[CP] Check Pods Manifest.lock";
			outputPaths = (
				"$(DERIVED_FILE_DIR)/Pods-Demo-checkManifestLockResult.txt",
			);
			runOnlyForDeploymentPostprocessing = 0;
			shellPath = /bin/sh;
			shellScript = "diff \"${PODS_PODFILE_DIR_PATH}/Podfile.lock\" \"${PODS_ROOT}/Manifest.lock\" > /dev/null\nif [ $? != 0 ] ; then\n    # print error to STDERR\n    echo \"error: The sandbox is not in sync with the Podfile.lock. Run 'pod install' or update your CocoaPods installation.\" >&2\n    exit 1\nfi\n# This output is used by Xcode 'outputs' to avoid re-running this script phase.\necho \"SUCCESS\" > \"${SCRIPT_OUTPUT_FILE_0}\"\n";
			showEnvVarsInLog = 0;
		};
		764C40791C85AE55953AEDA8 /* [CP] Check Pods Manifest.lock */ = {
			isa = PBXShellScriptBuildPhase;
			buildActionMask = 2147483647;
			files = (
			);
			inputFileListPaths = (
			);
			inputPaths = (
				"${PODS_PODFILE_DIR_PATH}/Podfile.lock",
				"${PODS_ROOT}/Manifest.lock",
			);
			name = "[CP] Check Pods Manifest.lock";
			outputFileListPaths = (
			);
			outputPaths = (
				"$(DERIVED_FILE_DIR)/Pods-DemoTests-checkManifestLockResult.txt",
			);
			runOnlyForDeploymentPostprocessing = 0;
			shellPath = /bin/sh;
			shellScript = "diff \"${PODS_PODFILE_DIR_PATH}/Podfile.lock\" \"${PODS_ROOT}/Manifest.lock\" > /dev/null\nif [ $? != 0 ] ; then\n    # print error to STDERR\n    echo \"error: The sandbox is not in sync with the Podfile.lock. Run 'pod install' or update your CocoaPods installation.\" >&2\n    exit 1\nfi\n# This output is used by Xcode 'outputs' to avoid re-running this script phase.\necho \"SUCCESS\" > \"${SCRIPT_OUTPUT_FILE_0}\"\n";
			showEnvVarsInLog = 0;
		};
		A21415D9180CE0790067EBE8 /* ShellScript */ = {
			isa = PBXShellScriptBuildPhase;
			buildActionMask = 2147483647;
			files = (
			);
			inputPaths = (
			);
			outputPaths = (
			);
			runOnlyForDeploymentPostprocessing = 0;
			shellPath = /bin/sh;
			shellScript = "set -e\n\nset +u\nif [[ $UFW_MASTER_SCRIPT_RUNNING ]]\nthen\n    # Nothing for the slave script to do\n    exit 0\nfi\nset -u\n\nif [[ \"$SDK_NAME\" =~ ([A-Za-z]+) ]]\nthen\n    UFW_SDK_PLATFORM=${BASH_REMATCH[1]}\nelse\n    echo \"Could not find platform name from SDK_NAME: $SDK_NAME\"\n    exit 1\nfi\n\nif [[ \"$SDK_NAME\" =~ ([0-9]+.*$) ]]\nthen\n    UFW_SDK_VERSION=${BASH_REMATCH[1]}\nelse\n    echo \"Could not find sdk version  from SDK_NAME: $SDK_NAME\"\n    exit 1\nfi\n\nif [[ \"$UFW_SDK_PLATFORM\" = \"iphoneos\" ]]\nthen\n    UFW_OTHER_PLATFORM=iphonesimulator\nelse\n    UFW_OTHER_PLATFORM=iphoneos\nfi\n\nif [[ \"$BUILT_PRODUCTS_DIR\" =~ (.*)$UFW_SDK_PLATFORM$ ]]\nthen\n    UFW_OTHER_BUILT_PRODUCTS_DIR=\"${BASH_REMATCH[1]}${UFW_OTHER_PLATFORM}\"\nelse\n    echo \"Could not find $UFW_SDK_PLATFORM in $BUILT_PRODUCTS_DIR\"\n    exit 1\nfi\n\n\n# Short-circuit if all binaries are up to date\n\nif [[ -f \"${BUILT_PRODUCTS_DIR}/${EXECUTABLE_PATH}\" ]] && \\\n   [[ -f \"${BUILT_PRODUCTS_DIR}/${PRODUCT_NAME}.embeddedframework/${EXECUTABLE_PATH}\" ]] && \\\n   [[ ! \"${BUILT_PRODUCTS_DIR}/${EXECUTABLE_PATH}\" -nt \"${BUILT_PRODUCTS_DIR}/${PRODUCT_NAME}.embeddedframework/${EXECUTABLE_PATH}\" ]]\n   [[ -f \"${UFW_OTHER_BUILT_PRODUCTS_DIR}/${EXECUTABLE_PATH}\" ]] && \\\n   [[ -f \"${UFW_OTHER_BUILT_PRODUCTS_DIR}/${PRODUCT_NAME}.embeddedframework/${EXECUTABLE_PATH}\" ]] && \\\n   [[ ! \"${UFW_OTHER_BUILT_PRODUCTS_DIR}/${EXECUTABLE_PATH}\" -nt \"${UFW_OTHER_BUILT_PRODUCTS_DIR}/${PRODUCT_NAME}.embeddedframework/${EXECUTABLE_PATH}\" ]]\nthen\n    exit 0\nfi\n\n\n# Clean other platform if needed\n\nif [[ ! -f \"${BUILT_PRODUCTS_DIR}/${EXECUTABLE_PATH}\" ]]\nthen\n    echo \"Platform \\\"$UFW_SDK_PLATFORM\\\" was cleaned recently. Cleaning \\\"$UFW_OTHER_PLATFORM\\\" as well\"\n    echo xcodebuild -project \"${PROJECT_FILE_PATH}\" -target \"${TARGET_NAME}\" -configuration \"${CONFIGURATION}\" -sdk ${UFW_OTHER_PLATFORM}${UFW_SDK_VERSION} BUILD_DIR=\"${BUILD_DIR}\" CONFIGURATION_TEMP_DIR=\"${PROJECT_TEMP_DIR}/${CONFIGURATION}-${UFW_OTHER_PLATFORM}\" clean\n    xcodebuild -project \"${PROJECT_FILE_PATH}\" -target \"${TARGET_NAME}\" -configuration \"${CONFIGURATION}\" -sdk ${UFW_OTHER_PLATFORM}${UFW_SDK_VERSION} BUILD_DIR=\"${BUILD_DIR}\" CONFIGURATION_TEMP_DIR=\"${PROJECT_TEMP_DIR}/${CONFIGURATION}-${UFW_OTHER_PLATFORM}\" clean\nfi\n\n\n# Make sure we are building from fresh binaries\n\nrm -rf \"${BUILT_PRODUCTS_DIR}/${EXECUTABLE_PATH}\"\nrm -rf \"${BUILT_PRODUCTS_DIR}/${PRODUCT_NAME}.embeddedframework\"\nrm -rf \"${UFW_OTHER_BUILT_PRODUCTS_DIR}/${EXECUTABLE_PATH}\"\nrm -rf \"${UFW_OTHER_BUILT_PRODUCTS_DIR}/${PRODUCT_NAME}.embeddedframework\"\n";
		};
		A21415DE180CE0790067EBE8 /* ShellScript */ = {
			isa = PBXShellScriptBuildPhase;
			buildActionMask = 2147483647;
			files = (
			);
			inputPaths = (
			);
			outputPaths = (
			);
			runOnlyForDeploymentPostprocessing = 0;
			shellPath = /bin/sh;
			shellScript = "HEADERS_ROOT=$SRCROOT/$PRODUCT_NAME\nFRAMEWORK_HEADERS_DIR=\"$BUILT_PRODUCTS_DIR/$WRAPPER_NAME/Versions/$FRAMEWORK_VERSION/Headers\"\n\n## only header files expected at this point\nPUBLIC_HEADERS=$(find $FRAMEWORK_HEADERS_DIR/. -not -type d 2> /dev/null | sed -e \"s@.*/@@g\")\n\nFIND_OPTS=\"\"\nfor PUBLIC_HEADER in $PUBLIC_HEADERS; do\n  if [ -n \"$FIND_OPTS\" ]; then\n    FIND_OPTS=\"$FIND_OPTS -o\"\n  fi\n  FIND_OPTS=\"$FIND_OPTS -name '$PUBLIC_HEADER'\"\ndone\n\nif [ -n \"$FIND_OPTS\" ]; then\n  for ORIG_HEADER in $(eval \"find $HEADERS_ROOT/. $FIND_OPTS\" 2> /dev/null | sed -e \"s@^$HEADERS_ROOT/./@@g\"); do\n    PUBLIC_HEADER=$(basename $ORIG_HEADER)\n    RELATIVE_PATH=$(dirname $ORIG_HEADER)\n    if [ -e $FRAMEWORK_HEADERS_DIR/$PUBLIC_HEADER ]; then\n      mkdir -p \"$FRAMEWORK_HEADERS_DIR/$RELATIVE_PATH\"\n      mv \"$FRAMEWORK_HEADERS_DIR/$PUBLIC_HEADER\" \"$FRAMEWORK_HEADERS_DIR/$RELATIVE_PATH/$PUBLIC_HEADER\"\n    fi\n  done\nfi\n";
		};
		A21415DF180CE0790067EBE8 /* ShellScript */ = {
			isa = PBXShellScriptBuildPhase;
			buildActionMask = 2147483647;
			files = (
			);
			inputPaths = (
			);
			outputPaths = (
			);
			runOnlyForDeploymentPostprocessing = 0;
			shellPath = /bin/sh;
			shellScript = "set -e\n\necho \"DT_TOOLCHAIN_DIR :\"$DT_TOOLCHAIN_DIR\necho \"PLATFORM_DEVELOPER_BIN_DIR :\"$PLATFORM_DEVELOPER_BIN_DIR\n\nPLATFORM_DEVELOPER_BIN_DIR=$DT_TOOLCHAIN_DIR/usr/bin\n\nset +u\nif [[ $UFW_MASTER_SCRIPT_RUNNING ]]\nthen\n    # Nothing for the slave script to do\n    exit 0\nfi\nset -u\nexport UFW_MASTER_SCRIPT_RUNNING=1\n\n\n# Functions\n\n## List files in the specified directory, storing to the specified array.\n#\n# @param $1 The path to list\n# @param $2 The name of the array to fill\n#\n##\nlist_files ()\n{\n    filelist=$(ls \"$1\")\n    while read line\n    do\n        eval \"$2[\\${#$2[*]}]=\\\"\\$line\\\"\"\n    done <<< \"$filelist\"\n}\n\n\n# Sanity check\n\nif [[ ! -f \"${BUILT_PRODUCTS_DIR}/${EXECUTABLE_PATH}\" ]]\nthen\n    echo \"Framework target \\\"${TARGET_NAME}\\\" had no source files to build from. Make sure your source files have the correct target membership\"\n    exit 1\nfi\n\n\n# Gather information\n\nif [[ \"$SDK_NAME\" =~ ([A-Za-z]+) ]]\nthen\n    UFW_SDK_PLATFORM=${BASH_REMATCH[1]}\nelse\n    echo \"Could not find platform name from SDK_NAME: $SDK_NAME\"\n    exit 1\nfi\n\nif [[ \"$SDK_NAME\" =~ ([0-9]+.*$) ]]\nthen\n    UFW_SDK_VERSION=${BASH_REMATCH[1]}\nelse\n    echo \"Could not find sdk version from SDK_NAME: $SDK_NAME\"\n    exit 1\nfi\n\nif [[ \"$UFW_SDK_PLATFORM\" = \"iphoneos\" ]]\nthen\n    UFW_OTHER_PLATFORM=iphonesimulator\nelse\n    UFW_OTHER_PLATFORM=iphoneos\nfi\n\nif [[ \"$BUILT_PRODUCTS_DIR\" =~ (.*)$UFW_SDK_PLATFORM$ ]]\nthen\n    UFW_OTHER_BUILT_PRODUCTS_DIR=\"${BASH_REMATCH[1]}${UFW_OTHER_PLATFORM}\"\nelse\n    echo \"Could not find $UFW_SDK_PLATFORM in $BUILT_PRODUCTS_DIR\"\n    exit 1\nfi\n\n\n# Short-circuit if all binaries are up to date.\n# We already checked the other platform in the prerun script.\n\nif [[ -f \"${BUILT_PRODUCTS_DIR}/${EXECUTABLE_PATH}\" ]] && [[ -f \"${BUILT_PRODUCTS_DIR}/${PRODUCT_NAME}.embeddedframework/${EXECUTABLE_PATH}\" ]] && [[ ! \"${BUILT_PRODUCTS_DIR}/${EXECUTABLE_PATH}\" -nt \"${BUILT_PRODUCTS_DIR}/${PRODUCT_NAME}.embeddedframework/${EXECUTABLE_PATH}\" ]]\nthen\n    exit 0\nfi\n\n\n# Make sure the other platform gets built\n\necho \"Build other platform\"\n\necho xcodebuild -project \"${PROJECT_FILE_PATH}\" -target \"${TARGET_NAME}\" -configuration \"${CONFIGURATION}\" -sdk ${UFW_OTHER_PLATFORM}${UFW_SDK_VERSION} BUILD_DIR=\"${BUILD_DIR}\" CONFIGURATION_TEMP_DIR=\"${PROJECT_TEMP_DIR}/${CONFIGURATION}-${UFW_OTHER_PLATFORM}\" $ACTION\nxcodebuild -project \"${PROJECT_FILE_PATH}\" -target \"${TARGET_NAME}\" -configuration \"${CONFIGURATION}\" -sdk ${UFW_OTHER_PLATFORM}${UFW_SDK_VERSION} BUILD_DIR=\"${BUILD_DIR}\" CONFIGURATION_TEMP_DIR=\"${PROJECT_TEMP_DIR}/${CONFIGURATION}-${UFW_OTHER_PLATFORM}\" $ACTION\n\n\n# Build the fat static library binary\n\necho \"Create universal static library\"\n\nif [[ \"$XCODE_VERSION_MAJOR\" == \"0500\" ]]\nthen\n    echo \"$DT_TOOLCHAIN_DIR/usr/bin/libtool\" -static \"${BUILT_PRODUCTS_DIR}/${EXECUTABLE_PATH}\" \"${UFW_OTHER_BUILT_PRODUCTS_DIR}/${EXECUTABLE_PATH}\" -o \"${BUILT_PRODUCTS_DIR}/${EXECUTABLE_PATH}.temp\"\n    \"$DT_TOOLCHAIN_DIR/usr/bin/libtool\" -static \"${BUILT_PRODUCTS_DIR}/${EXECUTABLE_PATH}\" \"${UFW_OTHER_BUILT_PRODUCTS_DIR}/${EXECUTABLE_PATH}\" -o \"${BUILT_PRODUCTS_DIR}/${EXECUTABLE_PATH}.temp\"\nelse\n    echo \"$PLATFORM_DEVELOPER_BIN_DIR/libtool\" -static \"${BUILT_PRODUCTS_DIR}/${EXECUTABLE_PATH}\" \"${UFW_OTHER_BUILT_PRODUCTS_DIR}/${EXECUTABLE_PATH}\" -o \"${BUILT_PRODUCTS_DIR}/${EXECUTABLE_PATH}.temp\"\n    \"$PLATFORM_DEVELOPER_BIN_DIR/libtool\" -static \"${BUILT_PRODUCTS_DIR}/${EXECUTABLE_PATH}\" \"${UFW_OTHER_BUILT_PRODUCTS_DIR}/${EXECUTABLE_PATH}\" -o \"${BUILT_PRODUCTS_DIR}/${EXECUTABLE_PATH}.temp\"\nfi \n\necho mv \"${BUILT_PRODUCTS_DIR}/${EXECUTABLE_PATH}.temp\" \"${BUILT_PRODUCTS_DIR}/${EXECUTABLE_PATH}\"\nmv \"${BUILT_PRODUCTS_DIR}/${EXECUTABLE_PATH}.temp\" \"${BUILT_PRODUCTS_DIR}/${EXECUTABLE_PATH}\"\n\n\n# Build framework structure\n\necho \"Build symlinks\"\n\necho ln -sfh $FRAMEWORK_VERSION \"${BUILT_PRODUCTS_DIR}/${WRAPPER_NAME}/Versions/Current\"\nln -sfh $FRAMEWORK_VERSION \"${BUILT_PRODUCTS_DIR}/${WRAPPER_NAME}/Versions/Current\"\necho ln -sfh Versions/Current/Headers \"${BUILT_PRODUCTS_DIR}/${WRAPPER_NAME}/Headers\"\nln -sfh Versions/Current/Headers \"${BUILT_PRODUCTS_DIR}/${WRAPPER_NAME}/Headers\"\necho ln -sfh Versions/Current/Resources \"${BUILT_PRODUCTS_DIR}/${WRAPPER_NAME}/Resources\"\nln -sfh Versions/Current/Resources \"${BUILT_PRODUCTS_DIR}/${WRAPPER_NAME}/Resources\"\necho ln -sfh \"Versions/Current/${EXECUTABLE_NAME}\" \"${BUILT_PRODUCTS_DIR}/${WRAPPER_NAME}/${EXECUTABLE_NAME}\"\nln -sfh \"Versions/Current/${EXECUTABLE_NAME}\" \"${BUILT_PRODUCTS_DIR}/${WRAPPER_NAME}/${EXECUTABLE_NAME}\"\n\n\n# Link to binary for unit tests\n\nmkdir -p \"${BUILT_PRODUCTS_DIR}/.fake_fw_testing.framework\"\nln -sfh \"../${WRAPPER_NAME}/${EXECUTABLE_NAME}\" \"${BUILT_PRODUCTS_DIR}/.fake_fw_testing.framework/.fake_fw_testing\"\n\n\n# Build embedded framework structure\n\necho \"Build Embedded Framework\"\n\necho rm -rf \"${BUILT_PRODUCTS_DIR}/${PRODUCT_NAME}.embeddedframework\"\nrm -rf \"${BUILT_PRODUCTS_DIR}/${PRODUCT_NAME}.embeddedframework\"\necho mkdir -p \"${BUILT_PRODUCTS_DIR}/${PRODUCT_NAME}.embeddedframework/Resources\"\nmkdir -p \"${BUILT_PRODUCTS_DIR}/${PRODUCT_NAME}.embeddedframework/Resources\"\necho cp -a \"${BUILT_PRODUCTS_DIR}/${WRAPPER_NAME}\" \"${BUILT_PRODUCTS_DIR}/${PRODUCT_NAME}.embeddedframework/\"\ncp -a \"${BUILT_PRODUCTS_DIR}/${WRAPPER_NAME}\" \"${BUILT_PRODUCTS_DIR}/${PRODUCT_NAME}.embeddedframework/\"\n\ndeclare -a UFW_FILE_LIST\nlist_files \"${BUILT_PRODUCTS_DIR}/${UNLOCALIZED_RESOURCES_FOLDER_PATH}\" UFW_FILE_LIST\nfor filename in \"${UFW_FILE_LIST[@]}\"\ndo\n    if [[ \"${filename}\" != \"Info.plist\" ]] && [[ ! \"${filename}\" =~ .*\\.lproj$ ]]\n    then\n        echo ln -sfh \"../${WRAPPER_NAME}/Resources/${filename}\" \"${BUILT_PRODUCTS_DIR}/${PRODUCT_NAME}.embeddedframework/Resources/${filename}\"\n        ln -sfh \"../${WRAPPER_NAME}/Resources/${filename}\" \"${BUILT_PRODUCTS_DIR}/${PRODUCT_NAME}.embeddedframework/Resources/${filename}\"\n    fi\ndone\n\n\n# Replace other platform's framework with a copy of this one (so that both have the same universal binary)\n\necho \"Copy from $UFW_SDK_PLATFORM to $UFW_OTHER_PLATFORM\"\n\necho rm -rf \"${BUILD_DIR}/${CONFIGURATION}-${UFW_OTHER_PLATFORM}\"\nrm -rf \"${BUILD_DIR}/${CONFIGURATION}-${UFW_OTHER_PLATFORM}\"\necho cp -a \"${BUILD_DIR}/${CONFIGURATION}-${UFW_SDK_PLATFORM}\" \"${BUILD_DIR}/${CONFIGURATION}-${UFW_OTHER_PLATFORM}\"\ncp -a \"${BUILD_DIR}/${CONFIGURATION}-${UFW_SDK_PLATFORM}\" \"${BUILD_DIR}/${CONFIGURATION}-${UFW_OTHER_PLATFORM}\"\n";
		};
/* End PBXShellScriptBuildPhase section */

/* Begin PBXSourcesBuildPhase section */
		7461B76F1B959EB300EB5D6D /* Sources */ = {
			isa = PBXSourcesBuildPhase;
			buildActionMask = 2147483647;
			files = (
				7461B77E1B959EB300EB5D6D /* ViewController.m in Sources */,
				7461B77B1B959EB300EB5D6D /* AppDelegate.m in Sources */,
				2426B5A021E3A67D00B9BA7E /* Demo.m in Sources */,
				7461B7781B959EB300EB5D6D /* main.m in Sources */,
			);
			runOnlyForDeploymentPostprocessing = 0;
		};
		7461B7871B959EB300EB5D6D /* Sources */ = {
			isa = PBXSourcesBuildPhase;
			buildActionMask = 2147483647;
			files = (
				7461B7921B959EB300EB5D6D /* DemoTests.m in Sources */,
				2426B59D21E24CB400B9BA7E /* LoggingTests.m in Sources */,
			);
			runOnlyForDeploymentPostprocessing = 0;
		};
		A2141599180CDF790067EBE8 /* Sources */ = {
			isa = PBXSourcesBuildPhase;
			buildActionMask = 2147483647;
			files = (
				74419E8E18448DD100E28DD4 /* DebugUtility.m in Sources */,
				41BBDE0D192620AA00A05DC9 /* NSObject+PropertyToURLParams.m in Sources */,
				74419E9D18448DD100E28DD4 /* NameValuePaire.m in Sources */,
				24B5A12719BEF7E9009B474C /* CGFunctions.m in Sources */,
				74419E5518448DD000E28DD4 /* NSArray+Ext.m in Sources */,
				74419E7618448DD100E28DD4 /* UIButton+Ext.m in Sources */,
				2426B59B21E24C4700B9BA7E /* XLogging.c in Sources */,
				74419E7018448DD100E28DD4 /* SKProduct+Ext.m in Sources */,
				74419E6D18448DD100E28DD4 /* NSURL+Ext.m in Sources */,
				746AAF6621CCD406005B29F6 /* NSDictionary+HTTP.m in Sources */,
				74419E5818448DD000E28DD4 /* NSData+Base64.m in Sources */,
				74419E6A18448DD100E28DD4 /* NSTimer+Ext.m in Sources */,
				74419E6118448DD100E28DD4 /* NSObject+Debug.m in Sources */,
				74419E9718448DD100E28DD4 /* FileIOHelper.m in Sources */,
				74419E5E18448DD100E28DD4 /* NSDate+Ext.m in Sources */,
				74419E7C18448DD100E28DD4 /* UIFont+Ext.m in Sources */,
				74419E6418448DD100E28DD4 /* NSObject+Ext.m in Sources */,
				74419E7918448DD100E28DD4 /* UIColor+Ext.m in Sources */,
				74C3560C21BEA897001B0C4C /* BenchMark.m in Sources */,
				74419E6718448DD100E28DD4 /* NSString+Ext.m in Sources */,
				74419E8518448DD100E28DD4 /* UIScrollView+Ext.m in Sources */,
				74C3561821BEC458001B0C4C /* XOperationTemplate.m in Sources */,
				74419E5B18448DD000E28DD4 /* NSData+String.m in Sources */,
				74419E9118448DD100E28DD4 /* NSURL+Test.m in Sources */,
				74419E7318448DD100E28DD4 /* UIAlertView+Ext.m in Sources */,
				74419E9418448DD100E28DD4 /* DefaultSettings.m in Sources */,
				74C3560A21BEA897001B0C4C /* cbench_mark.c in Sources */,
				741A503A19FE8C2B007840FD /* NSLayoutConstraint+Convenient.m in Sources */,
				74419E8818448DD100E28DD4 /* UIView+Ext.m in Sources */,
				74419E8B18448DD100E28DD4 /* UIViewController+Ext.m in Sources */,
				746AAF6221CCD3DC005B29F6 /* NSString+URI.m in Sources */,
				74419E8218448DD100E28DD4 /* UIScreen+Ext.m in Sources */,
				74419E7F18448DD100E28DD4 /* UIImage+Ext.m in Sources */,
				748BB41121DC98070094B4CE /* NSInvocation+XCocoaUtils.m in Sources */,
				746AAF6321CCD3DC005B29F6 /* XCObjectMapping.m in Sources */,
				74419E5118448DD000E28DD4 /* BlockAlertView.m in Sources */,
			);
			runOnlyForDeploymentPostprocessing = 0;
		};
		A21415DA180CE0790067EBE8 /* Sources */ = {
			isa = PBXSourcesBuildPhase;
			buildActionMask = 2147483647;
			files = (
				74419E8F18448DD100E28DD4 /* DebugUtility.m in Sources */,
				41BBDE0E192620AA00A05DC9 /* NSObject+PropertyToURLParams.m in Sources */,
				24B5A12819BEF7E9009B474C /* CGFunctions.m in Sources */,
				74419E5618448DD000E28DD4 /* NSArray+Ext.m in Sources */,
				74419E7718448DD100E28DD4 /* UIButton+Ext.m in Sources */,
				74419E7118448DD100E28DD4 /* SKProduct+Ext.m in Sources */,
				74419E6E18448DD100E28DD4 /* NSURL+Ext.m in Sources */,
				74419E5918448DD000E28DD4 /* NSData+Base64.m in Sources */,
				74419E6B18448DD100E28DD4 /* NSTimer+Ext.m in Sources */,
				74419E6218448DD100E28DD4 /* NSObject+Debug.m in Sources */,
				74419E9818448DD100E28DD4 /* FileIOHelper.m in Sources */,
				74419E5F18448DD100E28DD4 /* NSDate+Ext.m in Sources */,
				74419E7D18448DD100E28DD4 /* UIFont+Ext.m in Sources */,
				74419E6518448DD100E28DD4 /* NSObject+Ext.m in Sources */,
				74419E7A18448DD100E28DD4 /* UIColor+Ext.m in Sources */,
				74C3560D21BEA897001B0C4C /* BenchMark.m in Sources */,
				746AAF6921CCD459005B29F6 /* NSDictionary+HTTP.m in Sources */,
				74419E6818448DD100E28DD4 /* NSString+Ext.m in Sources */,
				74419E8618448DD100E28DD4 /* UIScrollView+Ext.m in Sources */,
				746AAF6A21CCD45E005B29F6 /* NSString+URI.m in Sources */,
				74C3561921BEC458001B0C4C /* XOperationTemplate.m in Sources */,
				74419E5C18448DD000E28DD4 /* NSData+String.m in Sources */,
				74419E9218448DD100E28DD4 /* NSURL+Test.m in Sources */,
				74419E7418448DD100E28DD4 /* UIAlertView+Ext.m in Sources */,
				746AAF6B21CCD45E005B29F6 /* XCObjectMapping.m in Sources */,
				74419E9518448DD100E28DD4 /* DefaultSettings.m in Sources */,
				74C3560B21BEA897001B0C4C /* cbench_mark.c in Sources */,
				741A503B19FE8C2B007840FD /* NSLayoutConstraint+Convenient.m in Sources */,
				74419E8918448DD100E28DD4 /* UIView+Ext.m in Sources */,
				74419E8C18448DD100E28DD4 /* UIViewController+Ext.m in Sources */,
				74419E8318448DD100E28DD4 /* UIScreen+Ext.m in Sources */,
				746AAF6821CCD459005B29F6 /* NameValuePaire.m in Sources */,
				74419E8018448DD100E28DD4 /* UIImage+Ext.m in Sources */,
				74419E5218448DD000E28DD4 /* BlockAlertView.m in Sources */,
			);
			runOnlyForDeploymentPostprocessing = 0;
		};
/* End PBXSourcesBuildPhase section */

/* Begin PBXTargetDependency section */
		7461B78D1B959EB300EB5D6D /* PBXTargetDependency */ = {
			isa = PBXTargetDependency;
			target = 7461B7721B959EB300EB5D6D /* Demo */;
			targetProxy = 7461B78C1B959EB300EB5D6D /* PBXContainerItemProxy */;
		};
/* End PBXTargetDependency section */

/* Begin PBXVariantGroup section */
		7461B77F1B959EB300EB5D6D /* Main.storyboard */ = {
			isa = PBXVariantGroup;
			children = (
				7461B7801B959EB300EB5D6D /* Base */,
			);
			name = Main.storyboard;
			sourceTree = "<group>";
		};
		7461B7841B959EB300EB5D6D /* LaunchScreen.xib */ = {
			isa = PBXVariantGroup;
			children = (
				7461B7851B959EB300EB5D6D /* Base */,
			);
			name = LaunchScreen.xib;
			sourceTree = "<group>";
		};
		A21415E5180CE0790067EBE8 /* InfoPlist.strings */ = {
			isa = PBXVariantGroup;
			children = (
				A21415E6180CE0790067EBE8 /* en */,
				74875C70186C3181000A0331 /* zh-Hans */,
			);
			name = InfoPlist.strings;
			sourceTree = "<group>";
		};
/* End PBXVariantGroup section */

/* Begin XCBuildConfiguration section */
		7461B7931B959EB300EB5D6D /* Debug */ = {
			isa = XCBuildConfiguration;
			baseConfigurationReference = F0641409338246BAC2463C7B /* Pods-Demo.debug.xcconfig */;
			buildSettings = {
				ASSETCATALOG_COMPILER_APPICON_NAME = AppIcon;
				CLANG_WARN_UNREACHABLE_CODE = YES;
				CODE_SIGN_IDENTITY = "iPhone Developer";
				"CODE_SIGN_IDENTITY[sdk=iphoneos*]" = "iPhone Developer";
				CODE_SIGN_STYLE = Automatic;
				DEBUG_INFORMATION_FORMAT = "dwarf-with-dsym";
				DEVELOPMENT_TEAM = 375GT6S3QN;
				ENABLE_STRICT_OBJC_MSGSEND = YES;
				GCC_NO_COMMON_BLOCKS = YES;
				GCC_PREPROCESSOR_DEFINITIONS = (
					"DEBUG=1",
					"$(inherited)",
				);
				GCC_WARN_UNINITIALIZED_AUTOS = YES_AGGRESSIVE;
				INFOPLIST_FILE = Demo/Info.plist;
				IPHONEOS_DEPLOYMENT_TARGET = 8.0;
				LD_RUNPATH_SEARCH_PATHS = "$(inherited) @executable_path/Frameworks";
				MTL_ENABLE_DEBUG_INFO = YES;
				PRODUCT_NAME = "$(TARGET_NAME)";
				PROVISIONING_PROFILE_SPECIFIER = "";
				TARGETED_DEVICE_FAMILY = 1;
			};
			name = Debug;
		};
		7461B7941B959EB300EB5D6D /* Release */ = {
			isa = XCBuildConfiguration;
			baseConfigurationReference = EC000DA0AC340C4FE978318C /* Pods-Demo.release.xcconfig */;
			buildSettings = {
				ASSETCATALOG_COMPILER_APPICON_NAME = AppIcon;
				CLANG_WARN_UNREACHABLE_CODE = YES;
				CODE_SIGN_IDENTITY = "iPhone Developer";
				"CODE_SIGN_IDENTITY[sdk=iphoneos*]" = "iPhone Developer";
				CODE_SIGN_STYLE = Automatic;
				COPY_PHASE_STRIP = NO;
				DEBUG_INFORMATION_FORMAT = "dwarf-with-dsym";
				DEVELOPMENT_TEAM = 375GT6S3QN;
				ENABLE_STRICT_OBJC_MSGSEND = YES;
				GCC_NO_COMMON_BLOCKS = YES;
				GCC_WARN_UNINITIALIZED_AUTOS = YES_AGGRESSIVE;
				INFOPLIST_FILE = Demo/Info.plist;
				IPHONEOS_DEPLOYMENT_TARGET = 8.0;
				LD_RUNPATH_SEARCH_PATHS = "$(inherited) @executable_path/Frameworks";
				MTL_ENABLE_DEBUG_INFO = NO;
				PRODUCT_NAME = "$(TARGET_NAME)";
				PROVISIONING_PROFILE_SPECIFIER = "";
				TARGETED_DEVICE_FAMILY = 1;
			};
			name = Release;
		};
		7461B7951B959EB300EB5D6D /* Debug */ = {
			isa = XCBuildConfiguration;
			baseConfigurationReference = B4007AF7FEADF6E24E82DB39 /* Pods-DemoTests.debug.xcconfig */;
			buildSettings = {
				BUNDLE_LOADER = "$(TEST_HOST)";
				CLANG_WARN_UNREACHABLE_CODE = YES;
				DEBUG_INFORMATION_FORMAT = "dwarf-with-dsym";
				ENABLE_STRICT_OBJC_MSGSEND = YES;
				FRAMEWORK_SEARCH_PATHS = (
					"$(SDKROOT)/Developer/Library/Frameworks",
					"$(inherited)",
				);
				GCC_NO_COMMON_BLOCKS = YES;
				GCC_PREPROCESSOR_DEFINITIONS = (
					"DEBUG=1",
					"$(inherited)",
				);
				GCC_WARN_UNINITIALIZED_AUTOS = YES_AGGRESSIVE;
				INFOPLIST_FILE = DemoTests/Info.plist;
				IPHONEOS_DEPLOYMENT_TARGET = 8.4;
				LD_RUNPATH_SEARCH_PATHS = "$(inherited) @executable_path/Frameworks @loader_path/Frameworks";
				MTL_ENABLE_DEBUG_INFO = YES;
				PRODUCT_NAME = "$(TARGET_NAME)";
				TEST_HOST = "$(BUILT_PRODUCTS_DIR)/Demo.app/Demo";
			};
			name = Debug;
		};
		7461B7961B959EB300EB5D6D /* Release */ = {
			isa = XCBuildConfiguration;
			baseConfigurationReference = 18988A0BF756C2B7EA4A44F8 /* Pods-DemoTests.release.xcconfig */;
			buildSettings = {
				BUNDLE_LOADER = "$(TEST_HOST)";
				CLANG_WARN_UNREACHABLE_CODE = YES;
				COPY_PHASE_STRIP = NO;
				DEBUG_INFORMATION_FORMAT = "dwarf-with-dsym";
				ENABLE_STRICT_OBJC_MSGSEND = YES;
				FRAMEWORK_SEARCH_PATHS = (
					"$(SDKROOT)/Developer/Library/Frameworks",
					"$(inherited)",
				);
				GCC_NO_COMMON_BLOCKS = YES;
				GCC_WARN_UNINITIALIZED_AUTOS = YES_AGGRESSIVE;
				INFOPLIST_FILE = DemoTests/Info.plist;
				IPHONEOS_DEPLOYMENT_TARGET = 8.4;
				LD_RUNPATH_SEARCH_PATHS = "$(inherited) @executable_path/Frameworks @loader_path/Frameworks";
				MTL_ENABLE_DEBUG_INFO = NO;
				PRODUCT_NAME = "$(TARGET_NAME)";
				TEST_HOST = "$(BUILT_PRODUCTS_DIR)/Demo.app/Demo";
			};
			name = Release;
		};
		A21415BE180CDF790067EBE8 /* Debug */ = {
			isa = XCBuildConfiguration;
			buildSettings = {
				ALWAYS_SEARCH_USER_PATHS = NO;
				CLANG_CXX_LANGUAGE_STANDARD = "gnu++0x";
				CLANG_CXX_LIBRARY = "libc++";
				CLANG_ENABLE_MODULES = YES;
				CLANG_ENABLE_OBJC_ARC = YES;
				CLANG_WARN_BOOL_CONVERSION = YES;
				CLANG_WARN_CONSTANT_CONVERSION = YES;
				CLANG_WARN_DIRECT_OBJC_ISA_USAGE = YES_ERROR;
				CLANG_WARN_EMPTY_BODY = YES;
				CLANG_WARN_ENUM_CONVERSION = YES;
				CLANG_WARN_INT_CONVERSION = YES;
				CLANG_WARN_OBJC_ROOT_CLASS = YES_ERROR;
				CLANG_WARN__DUPLICATE_METHOD_MATCH = YES;
				COPY_PHASE_STRIP = NO;
				GCC_C_LANGUAGE_STANDARD = gnu99;
				GCC_DYNAMIC_NO_PIC = NO;
				GCC_OPTIMIZATION_LEVEL = 0;
				GCC_PREPROCESSOR_DEFINITIONS = (
					"DEBUG=1",
					"$(inherited)",
				);
				GCC_SYMBOLS_PRIVATE_EXTERN = NO;
				GCC_WARN_64_TO_32_BIT_CONVERSION = YES;
				GCC_WARN_ABOUT_RETURN_TYPE = YES_ERROR;
				GCC_WARN_UNDECLARED_SELECTOR = YES;
				GCC_WARN_UNINITIALIZED_AUTOS = YES;
				GCC_WARN_UNUSED_FUNCTION = YES;
				GCC_WARN_UNUSED_VARIABLE = YES;
				IPHONEOS_DEPLOYMENT_TARGET = 8.0;
				ONLY_ACTIVE_ARCH = YES;
				SDKROOT = iphoneos;
				SKIP_INSTALL = YES;
			};
			name = Debug;
		};
		A21415BF180CDF790067EBE8 /* Release */ = {
			isa = XCBuildConfiguration;
			buildSettings = {
				ALWAYS_SEARCH_USER_PATHS = NO;
				CLANG_CXX_LANGUAGE_STANDARD = "gnu++0x";
				CLANG_CXX_LIBRARY = "libc++";
				CLANG_ENABLE_MODULES = YES;
				CLANG_ENABLE_OBJC_ARC = YES;
				CLANG_WARN_BOOL_CONVERSION = YES;
				CLANG_WARN_CONSTANT_CONVERSION = YES;
				CLANG_WARN_DIRECT_OBJC_ISA_USAGE = YES_ERROR;
				CLANG_WARN_EMPTY_BODY = YES;
				CLANG_WARN_ENUM_CONVERSION = YES;
				CLANG_WARN_INT_CONVERSION = YES;
				CLANG_WARN_OBJC_ROOT_CLASS = YES_ERROR;
				CLANG_WARN__DUPLICATE_METHOD_MATCH = YES;
				COPY_PHASE_STRIP = YES;
				ENABLE_NS_ASSERTIONS = NO;
				GCC_C_LANGUAGE_STANDARD = gnu99;
				GCC_WARN_64_TO_32_BIT_CONVERSION = YES;
				GCC_WARN_ABOUT_RETURN_TYPE = YES_ERROR;
				GCC_WARN_UNDECLARED_SELECTOR = YES;
				GCC_WARN_UNINITIALIZED_AUTOS = YES;
				GCC_WARN_UNUSED_FUNCTION = YES;
				GCC_WARN_UNUSED_VARIABLE = YES;
				IPHONEOS_DEPLOYMENT_TARGET = 8.0;
				SDKROOT = iphoneos;
				SKIP_INSTALL = YES;
				VALIDATE_PRODUCT = YES;
			};
			name = Release;
		};
		A21415C1180CDF790067EBE8 /* Debug */ = {
			isa = XCBuildConfiguration;
			buildSettings = {
				CLANG_ENABLE_OBJC_ARC = NO;
				DSTROOT = /tmp/XCocoaUtilsPublic.dst;
				GCC_PRECOMPILE_PREFIX_HEADER = YES;
				GCC_PREFIX_HEADER = "XCocoaUtilsPublic/XCocoaUtilsPublic-Prefix.pch";
				HEADER_SEARCH_PATHS = (
					"$(inherited)",
					/Applications/Xcode5.app/Contents/Developer/Toolchains/XcodeDefault.xctoolchain/usr/include,
					"src/**",
				);
				LINK_WITH_STANDARD_LIBRARIES = NO;
				OTHER_LDFLAGS = "-ObjC";
				PRODUCT_NAME = "$(TARGET_NAME)";
				SKIP_INSTALL = YES;
			};
			name = Debug;
		};
		A21415C2180CDF790067EBE8 /* Release */ = {
			isa = XCBuildConfiguration;
			buildSettings = {
				CLANG_ENABLE_OBJC_ARC = NO;
				DSTROOT = /tmp/XCocoaUtilsPublic.dst;
				GCC_PRECOMPILE_PREFIX_HEADER = YES;
				GCC_PREFIX_HEADER = "XCocoaUtilsPublic/XCocoaUtilsPublic-Prefix.pch";
				HEADER_SEARCH_PATHS = (
					"$(inherited)",
					/Applications/Xcode5.app/Contents/Developer/Toolchains/XcodeDefault.xctoolchain/usr/include,
					"src/**",
				);
				LINK_WITH_STANDARD_LIBRARIES = NO;
				OTHER_LDFLAGS = "-ObjC";
				PRODUCT_NAME = "$(TARGET_NAME)";
				SKIP_INSTALL = YES;
			};
			name = Release;
		};
		A21415EA180CE0790067EBE8 /* Debug */ = {
			isa = XCBuildConfiguration;
			buildSettings = {
				CLANG_ENABLE_OBJC_ARC = NO;
				CONTENTS_FOLDER_PATH = "$(WRAPPER_NAME)/Versions/$(FRAMEWORK_VERSION)";
				DEAD_CODE_STRIPPING = NO;
				DYLIB_COMPATIBILITY_VERSION = 1;
				DYLIB_CURRENT_VERSION = 1;
				FRAMEWORK_VERSION = A;
				GCC_PRECOMPILE_PREFIX_HEADER = YES;
				GCC_PREFIX_HEADER = "XCocoaUtilsPublicFW/XCocoaUtilsPublicFW-Prefix.pch";
				GCC_PREPROCESSOR_DEFINITIONS = (
					"DEBUG=1",
					"$(inherited)",
				);
				INFOPLIST_FILE = "XCocoaUtilsPublicFW/XCocoaUtilsPublicFW-Info.plist";
				INFOPLIST_PATH = "$(UNLOCALIZED_RESOURCES_FOLDER_PATH)/Info.plist";
				INSTALL_PATH = "$(BUILT_PRODUCTS_DIR)";
				LINK_WITH_STANDARD_LIBRARIES = NO;
				MACH_O_TYPE = mh_object;
				PRODUCT_NAME = "$(TARGET_NAME)";
				SKIP_INSTALL = YES;
				UNLOCALIZED_RESOURCES_FOLDER_PATH = "$(CONTENTS_FOLDER_PATH)/Resources";
				WRAPPER_EXTENSION = framework;
			};
			name = Debug;
		};
		A21415EB180CE0790067EBE8 /* Release */ = {
			isa = XCBuildConfiguration;
			buildSettings = {
				CLANG_ENABLE_OBJC_ARC = NO;
				CONTENTS_FOLDER_PATH = "$(WRAPPER_NAME)/Versions/$(FRAMEWORK_VERSION)";
				DEAD_CODE_STRIPPING = NO;
				DYLIB_COMPATIBILITY_VERSION = 1;
				DYLIB_CURRENT_VERSION = 1;
				FRAMEWORK_VERSION = A;
				GCC_PRECOMPILE_PREFIX_HEADER = YES;
				GCC_PREFIX_HEADER = "XCocoaUtilsPublicFW/XCocoaUtilsPublicFW-Prefix.pch";
				INFOPLIST_FILE = "XCocoaUtilsPublicFW/XCocoaUtilsPublicFW-Info.plist";
				INFOPLIST_PATH = "$(UNLOCALIZED_RESOURCES_FOLDER_PATH)/Info.plist";
				INSTALL_PATH = "$(BUILT_PRODUCTS_DIR)";
				LINK_WITH_STANDARD_LIBRARIES = NO;
				MACH_O_TYPE = mh_object;
				PRODUCT_NAME = "$(TARGET_NAME)";
				SKIP_INSTALL = YES;
				UNLOCALIZED_RESOURCES_FOLDER_PATH = "$(CONTENTS_FOLDER_PATH)/Resources";
				WRAPPER_EXTENSION = framework;
			};
			name = Release;
		};
/* End XCBuildConfiguration section */

/* Begin XCConfigurationList section */
		7461B7971B959EB300EB5D6D /* Build configuration list for PBXNativeTarget "Demo" */ = {
			isa = XCConfigurationList;
			buildConfigurations = (
				7461B7931B959EB300EB5D6D /* Debug */,
				7461B7941B959EB300EB5D6D /* Release */,
			);
			defaultConfigurationIsVisible = 0;
			defaultConfigurationName = Release;
		};
		7461B7981B959EB300EB5D6D /* Build configuration list for PBXNativeTarget "DemoTests" */ = {
			isa = XCConfigurationList;
			buildConfigurations = (
				7461B7951B959EB300EB5D6D /* Debug */,
				7461B7961B959EB300EB5D6D /* Release */,
			);
			defaultConfigurationIsVisible = 0;
			defaultConfigurationName = Release;
		};
		A2141598180CDF790067EBE8 /* Build configuration list for PBXProject "XCocoaUtilsPublic" */ = {
			isa = XCConfigurationList;
			buildConfigurations = (
				A21415BE180CDF790067EBE8 /* Debug */,
				A21415BF180CDF790067EBE8 /* Release */,
			);
			defaultConfigurationIsVisible = 0;
			defaultConfigurationName = Release;
		};
		A21415C0180CDF790067EBE8 /* Build configuration list for PBXNativeTarget "XCocoaUtilsPublic" */ = {
			isa = XCConfigurationList;
			buildConfigurations = (
				A21415C1180CDF790067EBE8 /* Debug */,
				A21415C2180CDF790067EBE8 /* Release */,
			);
			defaultConfigurationIsVisible = 0;
			defaultConfigurationName = Release;
		};
		A21415E9180CE0790067EBE8 /* Build configuration list for PBXNativeTarget "XCocoaUtilsPublicFW" */ = {
			isa = XCConfigurationList;
			buildConfigurations = (
				A21415EA180CE0790067EBE8 /* Debug */,
				A21415EB180CE0790067EBE8 /* Release */,
			);
			defaultConfigurationIsVisible = 0;
			defaultConfigurationName = Release;
		};
/* End XCConfigurationList section */
	};
	rootObject = A2141595180CDF790067EBE8 /* Project object */;
}
